// !$*UTF8*$!
{
	archiveVersion = 1;
	classes = {
	};
	objectVersion = 46;
	objects = {

/* Begin PBXBuildFile section */
		33A20CD518F78F5D001E603D /* Foundation.framework in Frameworks */ = {isa = PBXBuildFile; fileRef = 33A20CD418F78F5D001E603D /* Foundation.framework */; };
		33A20CD718F78F5D001E603D /* CoreGraphics.framework in Frameworks */ = {isa = PBXBuildFile; fileRef = 33A20CD618F78F5D001E603D /* CoreGraphics.framework */; };
		33A20CD918F78F5D001E603D /* UIKit.framework in Frameworks */ = {isa = PBXBuildFile; fileRef = 33A20CD818F78F5D001E603D /* UIKit.framework */; };
		33A20CDF18F78F5D001E603D /* InfoPlist.strings in Resources */ = {isa = PBXBuildFile; fileRef = 33A20CDD18F78F5D001E603D /* InfoPlist.strings */; };
		33A20CE118F78F5D001E603D /* main.m in Sources */ = {isa = PBXBuildFile; fileRef = 33A20CE018F78F5D001E603D /* main.m */; };
		33A20CE518F78F5D001E603D /* RFHAppDelegate.m in Sources */ = {isa = PBXBuildFile; fileRef = 33A20CE418F78F5D001E603D /* RFHAppDelegate.m */; };
		33A20CE718F78F5D001E603D /* Images.xcassets in Resources */ = {isa = PBXBuildFile; fileRef = 33A20CE618F78F5D001E603D /* Images.xcassets */; };
		33A20CEE18F78F5D001E603D /* XCTest.framework in Frameworks */ = {isa = PBXBuildFile; fileRef = 33A20CED18F78F5D001E603D /* XCTest.framework */; };
		33A20CEF18F78F5D001E603D /* Foundation.framework in Frameworks */ = {isa = PBXBuildFile; fileRef = 33A20CD418F78F5D001E603D /* Foundation.framework */; };
		33A20CF018F78F5D001E603D /* UIKit.framework in Frameworks */ = {isa = PBXBuildFile; fileRef = 33A20CD818F78F5D001E603D /* UIKit.framework */; };
		33A20CF818F78F5D001E603D /* InfoPlist.strings in Resources */ = {isa = PBXBuildFile; fileRef = 33A20CF618F78F5D001E603D /* InfoPlist.strings */; };
		33A20CFA18F78F5D001E603D /* ChessTimerTests.m in Sources */ = {isa = PBXBuildFile; fileRef = 33A20CF918F78F5D001E603D /* ChessTimerTests.m */; };
		33A20D0618F78FB5001E603D /* RFHChessViewController.m in Sources */ = {isa = PBXBuildFile; fileRef = 33A20D0418F78FB5001E603D /* RFHChessViewController.m */; };
		33A20D0718F78FB5001E603D /* RFHChessViewController.xib in Resources */ = {isa = PBXBuildFile; fileRef = 33A20D0518F78FB5001E603D /* RFHChessViewController.xib */; };
/* End PBXBuildFile section */

/* Begin PBXContainerItemProxy section */
		33A20CF118F78F5D001E603D /* PBXContainerItemProxy */ = {
			isa = PBXContainerItemProxy;
			containerPortal = 33A20CC918F78F5D001E603D /* Project object */;
			proxyType = 1;
			remoteGlobalIDString = 33A20CD018F78F5D001E603D;
			remoteInfo = ChessTimer;
		};
/* End PBXContainerItemProxy section */

/* Begin PBXFileReference section */
		33A20CD118F78F5D001E603D /* ChessTimer.app */ = {isa = PBXFileReference; explicitFileType = wrapper.application; includeInIndex = 0; path = ChessTimer.app; sourceTree = BUILT_PRODUCTS_DIR; };
		33A20CD418F78F5D001E603D /* Foundation.framework */ = {isa = PBXFileReference; lastKnownFileType = wrapper.framework; name = Foundation.framework; path = System/Library/Frameworks/Foundation.framework; sourceTree = SDKROOT; };
		33A20CD618F78F5D001E603D /* CoreGraphics.framework */ = {isa = PBXFileReference; lastKnownFileType = wrapper.framework; name = CoreGraphics.framework; path = System/Library/Frameworks/CoreGraphics.framework; sourceTree = SDKROOT; };
		33A20CD818F78F5D001E603D /* UIKit.framework */ = {isa = PBXFileReference; lastKnownFileType = wrapper.framework; name = UIKit.framework; path = System/Library/Frameworks/UIKit.framework; sourceTree = SDKROOT; };
		33A20CDC18F78F5D001E603D /* ChessTimer-Info.plist */ = {isa = PBXFileReference; lastKnownFileType = text.plist.xml; path = "ChessTimer-Info.plist"; sourceTree = "<group>"; };
		33A20CDE18F78F5D001E603D /* en */ = {isa = PBXFileReference; lastKnownFileType = text.plist.strings; name = en; path = en.lproj/InfoPlist.strings; sourceTree = "<group>"; };
		33A20CE018F78F5D001E603D /* main.m */ = {isa = PBXFileReference; lastKnownFileType = sourcecode.c.objc; path = main.m; sourceTree = "<group>"; };
		33A20CE218F78F5D001E603D /* ChessTimer-Prefix.pch */ = {isa = PBXFileReference; lastKnownFileType = sourcecode.c.h; path = "ChessTimer-Prefix.pch"; sourceTree = "<group>"; };
		33A20CE318F78F5D001E603D /* RFHAppDelegate.h */ = {isa = PBXFileReference; lastKnownFileType = sourcecode.c.h; path = RFHAppDelegate.h; sourceTree = "<group>"; };
		33A20CE418F78F5D001E603D /* RFHAppDelegate.m */ = {isa = PBXFileReference; lastKnownFileType = sourcecode.c.objc; path = RFHAppDelegate.m; sourceTree = "<group>"; };
		33A20CE618F78F5D001E603D /* Images.xcassets */ = {isa = PBXFileReference; lastKnownFileType = folder.assetcatalog; path = Images.xcassets; sourceTree = "<group>"; };
		33A20CEC18F78F5D001E603D /* ChessTimerTests.xctest */ = {isa = PBXFileReference; explicitFileType = wrapper.cfbundle; includeInIndex = 0; path = ChessTimerTests.xctest; sourceTree = BUILT_PRODUCTS_DIR; };
		33A20CED18F78F5D001E603D /* XCTest.framework */ = {isa = PBXFileReference; lastKnownFileType = wrapper.framework; name = XCTest.framework; path = Library/Frameworks/XCTest.framework; sourceTree = DEVELOPER_DIR; };
		33A20CF518F78F5D001E603D /* ChessTimerTests-Info.plist */ = {isa = PBXFileReference; lastKnownFileType = text.plist.xml; path = "ChessTimerTests-Info.plist"; sourceTree = "<group>"; };
		33A20CF718F78F5D001E603D /* en */ = {isa = PBXFileReference; lastKnownFileType = text.plist.strings; name = en; path = en.lproj/InfoPlist.strings; sourceTree = "<group>"; };
		33A20CF918F78F5D001E603D /* ChessTimerTests.m */ = {isa = PBXFileReference; lastKnownFileType = sourcecode.c.objc; path = ChessTimerTests.m; sourceTree = "<group>"; };
		33A20D0318F78FB5001E603D /* RFHChessViewController.h */ = {isa = PBXFileReference; fileEncoding = 4; lastKnownFileType = sourcecode.c.h; path = RFHChessViewController.h; sourceTree = "<group>"; };
		33A20D0418F78FB5001E603D /* RFHChessViewController.m */ = {isa = PBXFileReference; fileEncoding = 4; lastKnownFileType = sourcecode.c.objc; path = RFHChessViewController.m; sourceTree = "<group>"; };
		33A20D0518F78FB5001E603D /* RFHChessViewController.xib */ = {isa = PBXFileReference; fileEncoding = 4; lastKnownFileType = file.xib; path = RFHChessViewController.xib; sourceTree = "<group>"; };
/* End PBXFileReference section */

/* Begin PBXFrameworksBuildPhase section */
		33A20CCE18F78F5D001E603D /* Frameworks */ = {
			isa = PBXFrameworksBuildPhase;
			buildActionMask = 2147483647;
			files = (
				33A20CD718F78F5D001E603D /* CoreGraphics.framework in Frameworks */,
				33A20CD918F78F5D001E603D /* UIKit.framework in Frameworks */,
				33A20CD518F78F5D001E603D /* Foundation.framework in Frameworks */,
			);
			runOnlyForDeploymentPostprocessing = 0;
		};
		33A20CE918F78F5D001E603D /* Frameworks */ = {
			isa = PBXFrameworksBuildPhase;
			buildActionMask = 2147483647;
			files = (
				33A20CEE18F78F5D001E603D /* XCTest.framework in Frameworks */,
				33A20CF018F78F5D001E603D /* UIKit.framework in Frameworks */,
				33A20CEF18F78F5D001E603D /* Foundation.framework in Frameworks */,
			);
			runOnlyForDeploymentPostprocessing = 0;
		};
/* End PBXFrameworksBuildPhase section */

/* Begin PBXGroup section */
		33A20CC818F78F5D001E603D = {
			isa = PBXGroup;
			children = (
				33A20CDA18F78F5D001E603D /* ChessTimer */,
				33A20CF318F78F5D001E603D /* ChessTimerTests */,
				33A20CD318F78F5D001E603D /* Frameworks */,
				33A20CD218F78F5D001E603D /* Products */,
			);
			sourceTree = "<group>";
		};
		33A20CD218F78F5D001E603D /* Products */ = {
			isa = PBXGroup;
			children = (
				33A20CD118F78F5D001E603D /* ChessTimer.app */,
				33A20CEC18F78F5D001E603D /* ChessTimerTests.xctest */,
			);
			name = Products;
			sourceTree = "<group>";
		};
		33A20CD318F78F5D001E603D /* Frameworks */ = {
			isa = PBXGroup;
			children = (
				33A20CD418F78F5D001E603D /* Foundation.framework */,
				33A20CD618F78F5D001E603D /* CoreGraphics.framework */,
				33A20CD818F78F5D001E603D /* UIKit.framework */,
				33A20CED18F78F5D001E603D /* XCTest.framework */,
			);
			name = Frameworks;
			sourceTree = "<group>";
		};
		33A20CDA18F78F5D001E603D /* ChessTimer */ = {
			isa = PBXGroup;
			children = (
				33A20CE318F78F5D001E603D /* RFHAppDelegate.h */,
				33A20CE418F78F5D001E603D /* RFHAppDelegate.m */,
				33A20D0318F78FB5001E603D /* RFHChessViewController.h */,
				33A20D0418F78FB5001E603D /* RFHChessViewController.m */,
				33A20D0518F78FB5001E603D /* RFHChessViewController.xib */,
				33A20CE618F78F5D001E603D /* Images.xcassets */,
				33A20CDB18F78F5D001E603D /* Supporting Files */,
			);
			path = ChessTimer;
			sourceTree = "<group>";
		};
		33A20CDB18F78F5D001E603D /* Supporting Files */ = {
			isa = PBXGroup;
			children = (
				33A20CDC18F78F5D001E603D /* ChessTimer-Info.plist */,
				33A20CDD18F78F5D001E603D /* InfoPlist.strings */,
				33A20CE018F78F5D001E603D /* main.m */,
				33A20CE218F78F5D001E603D /* ChessTimer-Prefix.pch */,
			);
			name = "Supporting Files";
			sourceTree = "<group>";
		};
		33A20CF318F78F5D001E603D /* ChessTimerTests */ = {
			isa = PBXGroup;
			children = (
				33A20CF918F78F5D001E603D /* ChessTimerTests.m */,
				33A20CF418F78F5D001E603D /* Supporting Files */,
			);
			path = ChessTimerTests;
			sourceTree = "<group>";
		};
		33A20CF418F78F5D001E603D /* Supporting Files */ = {
			isa = PBXGroup;
			children = (
				33A20CF518F78F5D001E603D /* ChessTimerTests-Info.plist */,
				33A20CF618F78F5D001E603D /* InfoPlist.strings */,
			);
			name = "Supporting Files";
			sourceTree = "<group>";
		};
/* End PBXGroup section */

/* Begin PBXNativeTarget section */
		33A20CD018F78F5D001E603D /* ChessTimer */ = {
			isa = PBXNativeTarget;
			buildConfigurationList = 33A20CFD18F78F5D001E603D /* Build configuration list for PBXNativeTarget "ChessTimer" */;
			buildPhases = (
				33A20CCD18F78F5D001E603D /* Sources */,
				33A20CCE18F78F5D001E603D /* Frameworks */,
				33A20CCF18F78F5D001E603D /* Resources */,
			);
			buildRules = (
			);
			dependencies = (
			);
			name = ChessTimer;
			productName = ChessTimer;
			productReference = 33A20CD118F78F5D001E603D /* ChessTimer.app */;
			productType = "com.apple.product-type.application";
		};
		33A20CEB18F78F5D001E603D /* ChessTimerTests */ = {
			isa = PBXNativeTarget;
			buildConfigurationList = 33A20D0018F78F5D001E603D /* Build configuration list for PBXNativeTarget "ChessTimerTests" */;
			buildPhases = (
				33A20CE818F78F5D001E603D /* Sources */,
				33A20CE918F78F5D001E603D /* Frameworks */,
				33A20CEA18F78F5D001E603D /* Resources */,
			);
			buildRules = (
			);
			dependencies = (
				33A20CF218F78F5D001E603D /* PBXTargetDependency */,
			);
			name = ChessTimerTests;
			productName = ChessTimerTests;
			productReference = 33A20CEC18F78F5D001E603D /* ChessTimerTests.xctest */;
			productType = "com.apple.product-type.bundle.unit-test";
		};
/* End PBXNativeTarget section */

/* Begin PBXProject section */
		33A20CC918F78F5D001E603D /* Project object */ = {
			isa = PBXProject;
			attributes = {
				CLASSPREFIX = RFH;
				LastUpgradeCheck = 0510;
				ORGANIZATIONNAME = Higgnet;
				TargetAttributes = {
					33A20CEB18F78F5D001E603D = {
						TestTargetID = 33A20CD018F78F5D001E603D;
					};
				};
			};
			buildConfigurationList = 33A20CCC18F78F5D001E603D /* Build configuration list for PBXProject "ChessTimer" */;
			compatibilityVersion = "Xcode 3.2";
			developmentRegion = English;
			hasScannedForEncodings = 0;
			knownRegions = (
				en,
			);
			mainGroup = 33A20CC818F78F5D001E603D;
			productRefGroup = 33A20CD218F78F5D001E603D /* Products */;
			projectDirPath = "";
			projectRoot = "";
			targets = (
				33A20CD018F78F5D001E603D /* ChessTimer */,
				33A20CEB18F78F5D001E603D /* ChessTimerTests */,
			);
		};
/* End PBXProject section */

/* Begin PBXResourcesBuildPhase section */
		33A20CCF18F78F5D001E603D /* Resources */ = {
			isa = PBXResourcesBuildPhase;
			buildActionMask = 2147483647;
			files = (
				33A20CDF18F78F5D001E603D /* InfoPlist.strings in Resources */,
				33A20CE718F78F5D001E603D /* Images.xcassets in Resources */,
				33A20D0718F78FB5001E603D /* RFHChessViewController.xib in Resources */,
			);
			runOnlyForDeploymentPostprocessing = 0;
		};
		33A20CEA18F78F5D001E603D /* Resources */ = {
			isa = PBXResourcesBuildPhase;
			buildActionMask = 2147483647;
			files = (
				33A20CF818F78F5D001E603D /* InfoPlist.strings in Resources */,
			);
			runOnlyForDeploymentPostprocessing = 0;
		};
/* End PBXResourcesBuildPhase section */

/* Begin PBXSourcesBuildPhase section */
		33A20CCD18F78F5D001E603D /* Sources */ = {
			isa = PBXSourcesBuildPhase;
			buildActionMask = 2147483647;
			files = (
				33A20D0618F78FB5001E603D /* RFHChessViewController.m in Sources */,
				33A20CE118F78F5D001E603D /* main.m in Sources */,
				33A20CE518F78F5D001E603D /* RFHAppDelegate.m in Sources */,
			);
			runOnlyForDeploymentPostprocessing = 0;
		};
		33A20CE818F78F5D001E603D /* Sources */ = {
			isa = PBXSourcesBuildPhase;
			buildActionMask = 2147483647;
			files = (
				33A20CFA18F78F5D001E603D /* ChessTimerTests.m in Sources */,
			);
			runOnlyForDeploymentPostprocessing = 0;
		};
/* End PBXSourcesBuildPhase section */

/* Begin PBXTargetDependency section */
		33A20CF218F78F5D001E603D /* PBXTargetDependency */ = {
			isa = PBXTargetDependency;
			target = 33A20CD018F78F5D001E603D /* ChessTimer */;
			targetProxy = 33A20CF118F78F5D001E603D /* PBXContainerItemProxy */;
		};
/* End PBXTargetDependency section */

/* Begin PBXVariantGroup section */
		33A20CDD18F78F5D001E603D /* InfoPlist.strings */ = {
			isa = PBXVariantGroup;
			children = (
				33A20CDE18F78F5D001E603D /* en */,
			);
			name = InfoPlist.strings;
			sourceTree = "<group>";
		};
		33A20CF618F78F5D001E603D /* InfoPlist.strings */ = {
			isa = PBXVariantGroup;
			children = (
				33A20CF718F78F5D001E603D /* en */,
			);
			name = InfoPlist.strings;
			sourceTree = "<group>";
		};
/* End PBXVariantGroup section */

/* Begin XCBuildConfiguration section */
		33A20CFB18F78F5D001E603D /* Debug */ = {
			isa = XCBuildConfiguration;
			buildSettings = {
				ALWAYS_SEARCH_USER_PATHS = NO;
				CLANG_CXX_LANGUAGE_STANDARD = "gnu++0x";
				CLANG_CXX_LIBRARY = "libc++";
				CLANG_ENABLE_MODULES = YES;
				CLANG_ENABLE_OBJC_ARC = YES;
				CLANG_WARN_BOOL_CONVERSION = YES;
				CLANG_WARN_CONSTANT_CONVERSION = YES;
				CLANG_WARN_DIRECT_OBJC_ISA_USAGE = YES_ERROR;
				CLANG_WARN_EMPTY_BODY = YES;
				CLANG_WARN_ENUM_CONVERSION = YES;
				CLANG_WARN_INT_CONVERSION = YES;
				CLANG_WARN_OBJC_ROOT_CLASS = YES_ERROR;
				CLANG_WARN__DUPLICATE_METHOD_MATCH = YES;
				"CODE_SIGN_IDENTITY[sdk=iphoneos*]" = "iPhone Developer";
				COPY_PHASE_STRIP = NO;
				GCC_C_LANGUAGE_STANDARD = gnu99;
				GCC_DYNAMIC_NO_PIC = NO;
				GCC_OPTIMIZATION_LEVEL = 0;
				GCC_PREPROCESSOR_DEFINITIONS = (
					"DEBUG=1",
					"$(inherited)",
				);
				GCC_SYMBOLS_PRIVATE_EXTERN = NO;
				GCC_WARN_64_TO_32_BIT_CONVERSION = YES;
				GCC_WARN_ABOUT_RETURN_TYPE = YES_ERROR;
				GCC_WARN_UNDECLARED_SELECTOR = YES;
				GCC_WARN_UNINITIALIZED_AUTOS = YES_AGGRESSIVE;
				GCC_WARN_UNUSED_FUNCTION = YES;
				GCC_WARN_UNUSED_VARIABLE = YES;
				IPHONEOS_DEPLOYMENT_TARGET = 7.1;
				ONLY_ACTIVE_ARCH = YES;
				SDKROOT = iphoneos;
			};
			name = Debug;
		};
		33A20CFC18F78F5D001E603D /* Release */ = {
			isa = XCBuildConfiguration;
			buildSettings = {
				ALWAYS_SEARCH_USER_PATHS = NO;
				CLANG_CXX_LANGUAGE_STANDARD = "gnu++0x";
				CLANG_CXX_LIBRARY = "libc++";
				CLANG_ENABLE_MODULES = YES;
				CLANG_ENABLE_OBJC_ARC = YES;
				CLANG_WARN_BOOL_CONVERSION = YES;
				CLANG_WARN_CONSTANT_CONVERSION = YES;
				CLANG_WARN_DIRECT_OBJC_ISA_USAGE = YES_ERROR;
				CLANG_WARN_EMPTY_BODY = YES;
				CLANG_WARN_ENUM_CONVERSION = YES;
				CLANG_WARN_INT_CONVERSION = YES;
				CLANG_WARN_OBJC_ROOT_CLASS = YES_ERROR;
				CLANG_WARN__DUPLICATE_METHOD_MATCH = YES;
				"CODE_SIGN_IDENTITY[sdk=iphoneos*]" = "iPhone Developer";
				COPY_PHASE_STRIP = YES;
				ENABLE_NS_ASSERTIONS = NO;
				GCC_C_LANGUAGE_STANDARD = gnu99;
				GCC_WARN_64_TO_32_BIT_CONVERSION = YES;
				GCC_WARN_ABOUT_RETURN_TYPE = YES_ERROR;
				GCC_WARN_UNDECLARED_SELECTOR = YES;
				GCC_WARN_UNINITIALIZED_AUTOS = YES_AGGRESSIVE;
				GCC_WARN_UNUSED_FUNCTION = YES;
				GCC_WARN_UNUSED_VARIABLE = YES;
				IPHONEOS_DEPLOYMENT_TARGET = 7.1;
				SDKROOT = iphoneos;
				VALIDATE_PRODUCT = YES;
			};
			name = Release;
		};
		33A20CFE18F78F5D001E603D /* Debug */ = {
			isa = XCBuildConfiguration;
			buildSettings = {
				ASSETCATALOG_COMPILER_APPICON_NAME = AppIcon;
				ASSETCATALOG_COMPILER_LAUNCHIMAGE_NAME = LaunchImage;
				GCC_PRECOMPILE_PREFIX_HEADER = YES;
				GCC_PREFIX_HEADER = "ChessTimer/ChessTimer-Prefix.pch";
				INFOPLIST_FILE = "ChessTimer/ChessTimer-Info.plist";
				PRODUCT_NAME = "$(TARGET_NAME)";
				WRAPPER_EXTENSION = app;
			};
			name = Debug;
		};
		33A20CFF18F78F5D001E603D /* Release */ = {
			isa = XCBuildConfiguration;
			buildSettings = {
				ASSETCATALOG_COMPILER_APPICON_NAME = AppIcon;
				ASSETCATALOG_COMPILER_LAUNCHIMAGE_NAME = LaunchImage;
				GCC_PRECOMPILE_PREFIX_HEADER = YES;
				GCC_PREFIX_HEADER = "ChessTimer/ChessTimer-Prefix.pch";
				INFOPLIST_FILE = "ChessTimer/ChessTimer-Info.plist";
				PRODUCT_NAME = "$(TARGET_NAME)";
				WRAPPER_EXTENSION = app;
			};
			name = Release;
		};
		33A20D0118F78F5D001E603D /* Debug */ = {
			isa = XCBuildConfiguration;
			buildSettings = {
				BUNDLE_LOADER = "$(BUILT_PRODUCTS_DIR)/ChessTimer.app/ChessTimer";
				FRAMEWORK_SEARCH_PATHS = (
					"$(SDKROOT)/Developer/Library/Frameworks",
					"$(inherited)",
					"$(DEVELOPER_FRAMEWORKS_DIR)",
				);
				GCC_PRECOMPILE_PREFIX_HEADER = YES;
				GCC_PREFIX_HEADER = "ChessTimer/ChessTimer-Prefix.pch";
				GCC_PREPROCESSOR_DEFINITIONS = (
					"DEBUG=1",
					"$(inherited)",
				);
				INFOPLIST_FILE = "ChessTimerTests/ChessTimerTests-Info.plist";
				PRODUCT_NAME = "$(TARGET_NAME)";
				TEST_HOST = "$(BUNDLE_LOADER)";
				WRAPPER_EXTENSION = xctest;
			};
			name = Debug;
		};
		33A20D0218F78F5D001E603D /* Release */ = {
			isa = XCBuildConfiguration;
			buildSettings = {
				BUNDLE_LOADER = "$(BUILT_PRODUCTS_DIR)/ChessTimer.app/ChessTimer";
				FRAMEWORK_SEARCH_PATHS = (
					"$(SDKROOT)/Developer/Library/Frameworks",
					"$(inherited)",
					"$(DEVELOPER_FRAMEWORKS_DIR)",
				);
				GCC_PRECOMPILE_PREFIX_HEADER = YES;
				GCC_PREFIX_HEADER = "ChessTimer/ChessTimer-Prefix.pch";
				INFOPLIST_FILE = "ChessTimerTests/ChessTimerTests-Info.plist";
				PRODUCT_NAME = "$(TARGET_NAME)";
				TEST_HOST = "$(BUNDLE_LOADER)";
				WRAPPER_EXTENSION = xctest;
			};
			name = Release;
		};
/* End XCBuildConfiguration section */

/* Begin XCConfigurationList section */
		33A20CCC18F78F5D001E603D /* Build configuration list for PBXProject "ChessTimer" */ = {
			isa = XCConfigurationList;
			buildConfigurations = (
				33A20CFB18F78F5D001E603D /* Debug */,
				33A20CFC18F78F5D001E603D /* Release */,
			);
			defaultConfigurationIsVisible = 0;
			defaultConfigurationName = Release;
		};
		33A20CFD18F78F5D001E603D /* Build configuration list for PBXNativeTarget "ChessTimer" */ = {
			isa = XCConfigurationList;
			buildConfigurations = (
				33A20CFE18F78F5D001E603D /* Debug */,
				33A20CFF18F78F5D001E603D /* Release */,
			);
			defaultConfigurationIsVisible = 0;
		};
		33A20D0018F78F5D001E603D /* Build configuration list for PBXNativeTarget "ChessTimerTests" */ = {
			isa = XCConfigurationList;
			buildConfigurations = (
				33A20D0118F78F5D001E603D /* Debug */,
				33A20D0218F78F5D001E603D /* Release */,
			);
			defaultConfigurationIsVisible = 0;
		};
/* End XCConfigurationList section */
	};
	rootObject = 33A20CC918F78F5D001E603D /* Project object */;
}
