// !$*UTF8*$!
{
	archiveVersion = 1;
	classes = {
	};
	objectVersion = 46;
	objects = {

/* Begin PBXBuildFile section */
		33B40CF918F95C3000936260 /* Foundation.framework in Frameworks */ = {isa = PBXBuildFile; fileRef = 33B40CF818F95C3000936260 /* Foundation.framework */; };
		33B40CFB18F95C3000936260 /* CoreGraphics.framework in Frameworks */ = {isa = PBXBuildFile; fileRef = 33B40CFA18F95C3000936260 /* CoreGraphics.framework */; };
		33B40CFD18F95C3000936260 /* UIKit.framework in Frameworks */ = {isa = PBXBuildFile; fileRef = 33B40CFC18F95C3000936260 /* UIKit.framework */; };
		33B40D0318F95C3000936260 /* InfoPlist.strings in Resources */ = {isa = PBXBuildFile; fileRef = 33B40D0118F95C3000936260 /* InfoPlist.strings */; };
		33B40D0518F95C3000936260 /* main.m in Sources */ = {isa = PBXBuildFile; fileRef = 33B40D0418F95C3000936260 /* main.m */; };
		33B40D0918F95C3000936260 /* RFHAppDelegate.m in Sources */ = {isa = PBXBuildFile; fileRef = 33B40D0818F95C3000936260 /* RFHAppDelegate.m */; };
		33B40D0C18F95C3000936260 /* Main.storyboard in Resources */ = {isa = PBXBuildFile; fileRef = 33B40D0A18F95C3000936260 /* Main.storyboard */; };
		33B40D0F18F95C3000936260 /* RFHViewController.m in Sources */ = {isa = PBXBuildFile; fileRef = 33B40D0E18F95C3000936260 /* RFHViewController.m */; };
		33B40D1118F95C3000936260 /* Images.xcassets in Resources */ = {isa = PBXBuildFile; fileRef = 33B40D1018F95C3000936260 /* Images.xcassets */; };
		33B40D1818F95C3000936260 /* XCTest.framework in Frameworks */ = {isa = PBXBuildFile; fileRef = 33B40D1718F95C3000936260 /* XCTest.framework */; };
		33B40D1918F95C3000936260 /* Foundation.framework in Frameworks */ = {isa = PBXBuildFile; fileRef = 33B40CF818F95C3000936260 /* Foundation.framework */; };
		33B40D1A18F95C3000936260 /* UIKit.framework in Frameworks */ = {isa = PBXBuildFile; fileRef = 33B40CFC18F95C3000936260 /* UIKit.framework */; };
		33B40D2218F95C3000936260 /* InfoPlist.strings in Resources */ = {isa = PBXBuildFile; fileRef = 33B40D2018F95C3000936260 /* InfoPlist.strings */; };
		33B40D2418F95C3000936260 /* ElementTests.m in Sources */ = {isa = PBXBuildFile; fileRef = 33B40D2318F95C3000936260 /* ElementTests.m */; };
		33B40D3018F970C900936260 /* Chipped_Ruby.png in Resources */ = {isa = PBXBuildFile; fileRef = 33B40D2F18F970C900936260 /* Chipped_Ruby.png */; };
		33B40D3318F9824C00936260 /* RFHGemObject.m in Sources */ = {isa = PBXBuildFile; fileRef = 33B40D3218F9824C00936260 /* RFHGemObject.m */; };
		33B40D3618F9A14A00936260 /* RFHHumanPlayer.m in Sources */ = {isa = PBXBuildFile; fileRef = 33B40D3518F9A14A00936260 /* RFHHumanPlayer.m */; };
		33B40D3918F9A44F00936260 /* RFHRobotPlayer.m in Sources */ = {isa = PBXBuildFile; fileRef = 33B40D3818F9A44F00936260 /* RFHRobotPlayer.m */; };
		33B40D3C18F9A47C00936260 /* RFHPlayer.m in Sources */ = {isa = PBXBuildFile; fileRef = 33B40D3B18F9A47C00936260 /* RFHPlayer.m */; };
/* End PBXBuildFile section */

/* Begin PBXContainerItemProxy section */
		33B40D1B18F95C3000936260 /* PBXContainerItemProxy */ = {
			isa = PBXContainerItemProxy;
			containerPortal = 33B40CED18F95C3000936260 /* Project object */;
			proxyType = 1;
			remoteGlobalIDString = 33B40CF418F95C3000936260;
			remoteInfo = Element;
		};
/* End PBXContainerItemProxy section */

/* Begin PBXFileReference section */
		33B40CF518F95C3000936260 /* Element.app */ = {isa = PBXFileReference; explicitFileType = wrapper.application; includeInIndex = 0; path = Element.app; sourceTree = BUILT_PRODUCTS_DIR; };
		33B40CF818F95C3000936260 /* Foundation.framework */ = {isa = PBXFileReference; lastKnownFileType = wrapper.framework; name = Foundation.framework; path = System/Library/Frameworks/Foundation.framework; sourceTree = SDKROOT; };
		33B40CFA18F95C3000936260 /* CoreGraphics.framework */ = {isa = PBXFileReference; lastKnownFileType = wrapper.framework; name = CoreGraphics.framework; path = System/Library/Frameworks/CoreGraphics.framework; sourceTree = SDKROOT; };
		33B40CFC18F95C3000936260 /* UIKit.framework */ = {isa = PBXFileReference; lastKnownFileType = wrapper.framework; name = UIKit.framework; path = System/Library/Frameworks/UIKit.framework; sourceTree = SDKROOT; };
		33B40D0018F95C3000936260 /* Element-Info.plist */ = {isa = PBXFileReference; lastKnownFileType = text.plist.xml; path = "Element-Info.plist"; sourceTree = "<group>"; };
		33B40D0218F95C3000936260 /* en */ = {isa = PBXFileReference; lastKnownFileType = text.plist.strings; name = en; path = en.lproj/InfoPlist.strings; sourceTree = "<group>"; };
		33B40D0418F95C3000936260 /* main.m */ = {isa = PBXFileReference; lastKnownFileType = sourcecode.c.objc; path = main.m; sourceTree = "<group>"; };
		33B40D0618F95C3000936260 /* Element-Prefix.pch */ = {isa = PBXFileReference; lastKnownFileType = sourcecode.c.h; path = "Element-Prefix.pch"; sourceTree = "<group>"; };
		33B40D0718F95C3000936260 /* RFHAppDelegate.h */ = {isa = PBXFileReference; lastKnownFileType = sourcecode.c.h; path = RFHAppDelegate.h; sourceTree = "<group>"; };
		33B40D0818F95C3000936260 /* RFHAppDelegate.m */ = {isa = PBXFileReference; lastKnownFileType = sourcecode.c.objc; path = RFHAppDelegate.m; sourceTree = "<group>"; };
		33B40D0B18F95C3000936260 /* Base */ = {isa = PBXFileReference; lastKnownFileType = file.storyboard; name = Base; path = Base.lproj/Main.storyboard; sourceTree = "<group>"; };
		33B40D0D18F95C3000936260 /* RFHViewController.h */ = {isa = PBXFileReference; lastKnownFileType = sourcecode.c.h; path = RFHViewController.h; sourceTree = "<group>"; };
		33B40D0E18F95C3000936260 /* RFHViewController.m */ = {isa = PBXFileReference; lastKnownFileType = sourcecode.c.objc; path = RFHViewController.m; sourceTree = "<group>"; };
		33B40D1018F95C3000936260 /* Images.xcassets */ = {isa = PBXFileReference; lastKnownFileType = folder.assetcatalog; path = Images.xcassets; sourceTree = "<group>"; };
		33B40D1618F95C3000936260 /* ElementTests.xctest */ = {isa = PBXFileReference; explicitFileType = wrapper.cfbundle; includeInIndex = 0; path = ElementTests.xctest; sourceTree = BUILT_PRODUCTS_DIR; };
		33B40D1718F95C3000936260 /* XCTest.framework */ = {isa = PBXFileReference; lastKnownFileType = wrapper.framework; name = XCTest.framework; path = Library/Frameworks/XCTest.framework; sourceTree = DEVELOPER_DIR; };
		33B40D1F18F95C3000936260 /* ElementTests-Info.plist */ = {isa = PBXFileReference; lastKnownFileType = text.plist.xml; path = "ElementTests-Info.plist"; sourceTree = "<group>"; };
		33B40D2118F95C3000936260 /* en */ = {isa = PBXFileReference; lastKnownFileType = text.plist.strings; name = en; path = en.lproj/InfoPlist.strings; sourceTree = "<group>"; };
		33B40D2318F95C3000936260 /* ElementTests.m */ = {isa = PBXFileReference; lastKnownFileType = sourcecode.c.objc; path = ElementTests.m; sourceTree = "<group>"; };
		33B40D2F18F970C900936260 /* Chipped_Ruby.png */ = {isa = PBXFileReference; lastKnownFileType = image.png; path = Chipped_Ruby.png; sourceTree = "<group>"; };
		33B40D3118F9824C00936260 /* RFHGemObject.h */ = {isa = PBXFileReference; fileEncoding = 4; lastKnownFileType = sourcecode.c.h; path = RFHGemObject.h; sourceTree = "<group>"; };
		33B40D3218F9824C00936260 /* RFHGemObject.m */ = {isa = PBXFileReference; fileEncoding = 4; lastKnownFileType = sourcecode.c.objc; path = RFHGemObject.m; sourceTree = "<group>"; };
		33B40D3418F9A14A00936260 /* RFHHumanPlayer.h */ = {isa = PBXFileReference; fileEncoding = 4; lastKnownFileType = sourcecode.c.h; path = RFHHumanPlayer.h; sourceTree = "<group>"; };
		33B40D3518F9A14A00936260 /* RFHHumanPlayer.m */ = {isa = PBXFileReference; fileEncoding = 4; lastKnownFileType = sourcecode.c.objc; path = RFHHumanPlayer.m; sourceTree = "<group>"; };
		33B40D3718F9A44F00936260 /* RFHRobotPlayer.h */ = {isa = PBXFileReference; fileEncoding = 4; lastKnownFileType = sourcecode.c.h; path = RFHRobotPlayer.h; sourceTree = "<group>"; };
		33B40D3818F9A44F00936260 /* RFHRobotPlayer.m */ = {isa = PBXFileReference; fileEncoding = 4; lastKnownFileType = sourcecode.c.objc; path = RFHRobotPlayer.m; sourceTree = "<group>"; };
		33B40D3A18F9A47C00936260 /* RFHPlayer.h */ = {isa = PBXFileReference; fileEncoding = 4; lastKnownFileType = sourcecode.c.h; path = RFHPlayer.h; sourceTree = "<group>"; };
		33B40D3B18F9A47C00936260 /* RFHPlayer.m */ = {isa = PBXFileReference; fileEncoding = 4; lastKnownFileType = sourcecode.c.objc; path = RFHPlayer.m; sourceTree = "<group>"; };
/* End PBXFileReference section */

/* Begin PBXFrameworksBuildPhase section */
		33B40CF218F95C3000936260 /* Frameworks */ = {
			isa = PBXFrameworksBuildPhase;
			buildActionMask = 2147483647;
			files = (
				33B40CFB18F95C3000936260 /* CoreGraphics.framework in Frameworks */,
				33B40CFD18F95C3000936260 /* UIKit.framework in Frameworks */,
				33B40CF918F95C3000936260 /* Foundation.framework in Frameworks */,
			);
			runOnlyForDeploymentPostprocessing = 0;
		};
		33B40D1318F95C3000936260 /* Frameworks */ = {
			isa = PBXFrameworksBuildPhase;
			buildActionMask = 2147483647;
			files = (
				33B40D1818F95C3000936260 /* XCTest.framework in Frameworks */,
				33B40D1A18F95C3000936260 /* UIKit.framework in Frameworks */,
				33B40D1918F95C3000936260 /* Foundation.framework in Frameworks */,
			);
			runOnlyForDeploymentPostprocessing = 0;
		};
/* End PBXFrameworksBuildPhase section */

/* Begin PBXGroup section */
		33B40CEC18F95C3000936260 = {
			isa = PBXGroup;
			children = (
				33B40CFE18F95C3000936260 /* Element */,
				33B40D1D18F95C3000936260 /* ElementTests */,
				33B40CF718F95C3000936260 /* Frameworks */,
				33B40CF618F95C3000936260 /* Products */,
			);
			sourceTree = "<group>";
		};
		33B40CF618F95C3000936260 /* Products */ = {
			isa = PBXGroup;
			children = (
				33B40CF518F95C3000936260 /* Element.app */,
				33B40D1618F95C3000936260 /* ElementTests.xctest */,
			);
			name = Products;
			sourceTree = "<group>";
		};
		33B40CF718F95C3000936260 /* Frameworks */ = {
			isa = PBXGroup;
			children = (
				33B40CF818F95C3000936260 /* Foundation.framework */,
				33B40CFA18F95C3000936260 /* CoreGraphics.framework */,
				33B40CFC18F95C3000936260 /* UIKit.framework */,
				33B40D1718F95C3000936260 /* XCTest.framework */,
			);
			name = Frameworks;
			sourceTree = "<group>";
		};
		33B40CFE18F95C3000936260 /* Element */ = {
			isa = PBXGroup;
			children = (
				33B40D0718F95C3000936260 /* RFHAppDelegate.h */,
				33B40D0818F95C3000936260 /* RFHAppDelegate.m */,
				33B40D0A18F95C3000936260 /* Main.storyboard */,
				33B40D0D18F95C3000936260 /* RFHViewController.h */,
				33B40D0E18F95C3000936260 /* RFHViewController.m */,
				33B40D3718F9A44F00936260 /* RFHRobotPlayer.h */,
				33B40D3818F9A44F00936260 /* RFHRobotPlayer.m */,
				33B40D3418F9A14A00936260 /* RFHHumanPlayer.h */,
				33B40D3518F9A14A00936260 /* RFHHumanPlayer.m */,
				33B40D3A18F9A47C00936260 /* RFHPlayer.h */,
				33B40D3B18F9A47C00936260 /* RFHPlayer.m */,
				33B40D3118F9824C00936260 /* RFHGemObject.h */,
				33B40D3218F9824C00936260 /* RFHGemObject.m */,
				33B40D1018F95C3000936260 /* Images.xcassets */,
				33B40D2F18F970C900936260 /* Chipped_Ruby.png */,
				33B40CFF18F95C3000936260 /* Supporting Files */,
			);
			path = Element;
			sourceTree = "<group>";
		};
		33B40CFF18F95C3000936260 /* Supporting Files */ = {
			isa = PBXGroup;
			children = (
				33B40D0018F95C3000936260 /* Element-Info.plist */,
				33B40D0118F95C3000936260 /* InfoPlist.strings */,
				33B40D0418F95C3000936260 /* main.m */,
				33B40D0618F95C3000936260 /* Element-Prefix.pch */,
			);
			name = "Supporting Files";
			sourceTree = "<group>";
		};
		33B40D1D18F95C3000936260 /* ElementTests */ = {
			isa = PBXGroup;
			children = (
				33B40D2318F95C3000936260 /* ElementTests.m */,
				33B40D1E18F95C3000936260 /* Supporting Files */,
			);
			path = ElementTests;
			sourceTree = "<group>";
		};
		33B40D1E18F95C3000936260 /* Supporting Files */ = {
			isa = PBXGroup;
			children = (
				33B40D1F18F95C3000936260 /* ElementTests-Info.plist */,
				33B40D2018F95C3000936260 /* InfoPlist.strings */,
			);
			name = "Supporting Files";
			sourceTree = "<group>";
		};
/* End PBXGroup section */

/* Begin PBXNativeTarget section */
		33B40CF418F95C3000936260 /* Element */ = {
			isa = PBXNativeTarget;
			buildConfigurationList = 33B40D2718F95C3000936260 /* Build configuration list for PBXNativeTarget "Element" */;
			buildPhases = (
				33B40CF118F95C3000936260 /* Sources */,
				33B40CF218F95C3000936260 /* Frameworks */,
				33B40CF318F95C3000936260 /* Resources */,
			);
			buildRules = (
			);
			dependencies = (
			);
			name = Element;
			productName = Element;
			productReference = 33B40CF518F95C3000936260 /* Element.app */;
			productType = "com.apple.product-type.application";
		};
		33B40D1518F95C3000936260 /* ElementTests */ = {
			isa = PBXNativeTarget;
			buildConfigurationList = 33B40D2A18F95C3000936260 /* Build configuration list for PBXNativeTarget "ElementTests" */;
			buildPhases = (
				33B40D1218F95C3000936260 /* Sources */,
				33B40D1318F95C3000936260 /* Frameworks */,
				33B40D1418F95C3000936260 /* Resources */,
			);
			buildRules = (
			);
			dependencies = (
				33B40D1C18F95C3000936260 /* PBXTargetDependency */,
			);
			name = ElementTests;
			productName = ElementTests;
			productReference = 33B40D1618F95C3000936260 /* ElementTests.xctest */;
			productType = "com.apple.product-type.bundle.unit-test";
		};
/* End PBXNativeTarget section */

/* Begin PBXProject section */
		33B40CED18F95C3000936260 /* Project object */ = {
			isa = PBXProject;
			attributes = {
				CLASSPREFIX = RFH;
				LastUpgradeCheck = 0510;
				ORGANIZATIONNAME = Higgnet;
				TargetAttributes = {
					33B40D1518F95C3000936260 = {
						TestTargetID = 33B40CF418F95C3000936260;
					};
				};
			};
			buildConfigurationList = 33B40CF018F95C3000936260 /* Build configuration list for PBXProject "Element" */;
			compatibilityVersion = "Xcode 3.2";
			developmentRegion = English;
			hasScannedForEncodings = 0;
			knownRegions = (
				en,
				Base,
			);
			mainGroup = 33B40CEC18F95C3000936260;
			productRefGroup = 33B40CF618F95C3000936260 /* Products */;
			projectDirPath = "";
			projectRoot = "";
			targets = (
				33B40CF418F95C3000936260 /* Element */,
				33B40D1518F95C3000936260 /* ElementTests */,
			);
		};
/* End PBXProject section */

/* Begin PBXResourcesBuildPhase section */
		33B40CF318F95C3000936260 /* Resources */ = {
			isa = PBXResourcesBuildPhase;
			buildActionMask = 2147483647;
			files = (
				33B40D1118F95C3000936260 /* Images.xcassets in Resources */,
				33B40D3018F970C900936260 /* Chipped_Ruby.png in Resources */,
				33B40D0318F95C3000936260 /* InfoPlist.strings in Resources */,
				33B40D0C18F95C3000936260 /* Main.storyboard in Resources */,
			);
			runOnlyForDeploymentPostprocessing = 0;
		};
		33B40D1418F95C3000936260 /* Resources */ = {
			isa = PBXResourcesBuildPhase;
			buildActionMask = 2147483647;
			files = (
				33B40D2218F95C3000936260 /* InfoPlist.strings in Resources */,
			);
			runOnlyForDeploymentPostprocessing = 0;
		};
/* End PBXResourcesBuildPhase section */

/* Begin PBXSourcesBuildPhase section */
		33B40CF118F95C3000936260 /* Sources */ = {
			isa = PBXSourcesBuildPhase;
			buildActionMask = 2147483647;
			files = (
				33B40D3618F9A14A00936260 /* RFHHumanPlayer.m in Sources */,
				33B40D3C18F9A47C00936260 /* RFHPlayer.m in Sources */,
				33B40D0518F95C3000936260 /* main.m in Sources */,
				33B40D3918F9A44F00936260 /* RFHRobotPlayer.m in Sources */,
				33B40D3318F9824C00936260 /* RFHGemObject.m in Sources */,
				33B40D0F18F95C3000936260 /* RFHViewController.m in Sources */,
				33B40D0918F95C3000936260 /* RFHAppDelegate.m in Sources */,
			);
			runOnlyForDeploymentPostprocessing = 0;
		};
		33B40D1218F95C3000936260 /* Sources */ = {
			isa = PBXSourcesBuildPhase;
			buildActionMask = 2147483647;
			files = (
				33B40D2418F95C3000936260 /* ElementTests.m in Sources */,
			);
			runOnlyForDeploymentPostprocessing = 0;
		};
/* End PBXSourcesBuildPhase section */

/* Begin PBXTargetDependency section */
		33B40D1C18F95C3000936260 /* PBXTargetDependency */ = {
			isa = PBXTargetDependency;
			target = 33B40CF418F95C3000936260 /* Element */;
			targetProxy = 33B40D1B18F95C3000936260 /* PBXContainerItemProxy */;
		};
/* End PBXTargetDependency section */

/* Begin PBXVariantGroup section */
		33B40D0118F95C3000936260 /* InfoPlist.strings */ = {
			isa = PBXVariantGroup;
			children = (
				33B40D0218F95C3000936260 /* en */,
			);
			name = InfoPlist.strings;
			sourceTree = "<group>";
		};
		33B40D0A18F95C3000936260 /* Main.storyboard */ = {
			isa = PBXVariantGroup;
			children = (
				33B40D0B18F95C3000936260 /* Base */,
			);
			name = Main.storyboard;
			sourceTree = "<group>";
		};
		33B40D2018F95C3000936260 /* InfoPlist.strings */ = {
			isa = PBXVariantGroup;
			children = (
				33B40D2118F95C3000936260 /* en */,
			);
			name = InfoPlist.strings;
			sourceTree = "<group>";
		};
/* End PBXVariantGroup section */

/* Begin XCBuildConfiguration section */
		33B40D2518F95C3000936260 /* Debug */ = {
			isa = XCBuildConfiguration;
			buildSettings = {
				ALWAYS_SEARCH_USER_PATHS = NO;
				CLANG_CXX_LANGUAGE_STANDARD = "gnu++0x";
				CLANG_CXX_LIBRARY = "libc++";
				CLANG_ENABLE_MODULES = YES;
				CLANG_ENABLE_OBJC_ARC = YES;
				CLANG_WARN_BOOL_CONVERSION = YES;
				CLANG_WARN_CONSTANT_CONVERSION = YES;
				CLANG_WARN_DIRECT_OBJC_ISA_USAGE = YES_ERROR;
				CLANG_WARN_EMPTY_BODY = YES;
				CLANG_WARN_ENUM_CONVERSION = YES;
				CLANG_WARN_INT_CONVERSION = YES;
				CLANG_WARN_OBJC_ROOT_CLASS = YES_ERROR;
				CLANG_WARN__DUPLICATE_METHOD_MATCH = YES;
				"CODE_SIGN_IDENTITY[sdk=iphoneos*]" = "iPhone Developer";
				COPY_PHASE_STRIP = NO;
				GCC_C_LANGUAGE_STANDARD = gnu99;
				GCC_DYNAMIC_NO_PIC = NO;
				GCC_OPTIMIZATION_LEVEL = 0;
				GCC_PREPROCESSOR_DEFINITIONS = (
					"DEBUG=1",
					"$(inherited)",
				);
				GCC_SYMBOLS_PRIVATE_EXTERN = NO;
				GCC_WARN_64_TO_32_BIT_CONVERSION = YES;
				GCC_WARN_ABOUT_RETURN_TYPE = YES_ERROR;
				GCC_WARN_UNDECLARED_SELECTOR = YES;
				GCC_WARN_UNINITIALIZED_AUTOS = YES_AGGRESSIVE;
				GCC_WARN_UNUSED_FUNCTION = YES;
				GCC_WARN_UNUSED_VARIABLE = YES;
				IPHONEOS_DEPLOYMENT_TARGET = 7.1;
				ONLY_ACTIVE_ARCH = YES;
				SDKROOT = iphoneos;
			};
			name = Debug;
		};
		33B40D2618F95C3000936260 /* Release */ = {
			isa = XCBuildConfiguration;
			buildSettings = {
				ALWAYS_SEARCH_USER_PATHS = NO;
				CLANG_CXX_LANGUAGE_STANDARD = "gnu++0x";
				CLANG_CXX_LIBRARY = "libc++";
				CLANG_ENABLE_MODULES = YES;
				CLANG_ENABLE_OBJC_ARC = YES;
				CLANG_WARN_BOOL_CONVERSION = YES;
				CLANG_WARN_CONSTANT_CONVERSION = YES;
				CLANG_WARN_DIRECT_OBJC_ISA_USAGE = YES_ERROR;
				CLANG_WARN_EMPTY_BODY = YES;
				CLANG_WARN_ENUM_CONVERSION = YES;
				CLANG_WARN_INT_CONVERSION = YES;
				CLANG_WARN_OBJC_ROOT_CLASS = YES_ERROR;
				CLANG_WARN__DUPLICATE_METHOD_MATCH = YES;
				"CODE_SIGN_IDENTITY[sdk=iphoneos*]" = "iPhone Developer";
				COPY_PHASE_STRIP = YES;
				ENABLE_NS_ASSERTIONS = NO;
				GCC_C_LANGUAGE_STANDARD = gnu99;
				GCC_WARN_64_TO_32_BIT_CONVERSION = YES;
				GCC_WARN_ABOUT_RETURN_TYPE = YES_ERROR;
				GCC_WARN_UNDECLARED_SELECTOR = YES;
				GCC_WARN_UNINITIALIZED_AUTOS = YES_AGGRESSIVE;
				GCC_WARN_UNUSED_FUNCTION = YES;
				GCC_WARN_UNUSED_VARIABLE = YES;
				IPHONEOS_DEPLOYMENT_TARGET = 7.1;
				SDKROOT = iphoneos;
				VALIDATE_PRODUCT = YES;
			};
			name = Release;
		};
		33B40D2818F95C3000936260 /* Debug */ = {
			isa = XCBuildConfiguration;
			buildSettings = {
				ASSETCATALOG_COMPILER_APPICON_NAME = AppIcon;
				ASSETCATALOG_COMPILER_LAUNCHIMAGE_NAME = LaunchImage;
				GCC_PRECOMPILE_PREFIX_HEADER = YES;
				GCC_PREFIX_HEADER = "Element/Element-Prefix.pch";
				INFOPLIST_FILE = "Element/Element-Info.plist";
				PRODUCT_NAME = "$(TARGET_NAME)";
				WRAPPER_EXTENSION = app;
			};
			name = Debug;
		};
		33B40D2918F95C3000936260 /* Release */ = {
			isa = XCBuildConfiguration;
			buildSettings = {
				ASSETCATALOG_COMPILER_APPICON_NAME = AppIcon;
				ASSETCATALOG_COMPILER_LAUNCHIMAGE_NAME = LaunchImage;
				GCC_PRECOMPILE_PREFIX_HEADER = YES;
				GCC_PREFIX_HEADER = "Element/Element-Prefix.pch";
				INFOPLIST_FILE = "Element/Element-Info.plist";
				PRODUCT_NAME = "$(TARGET_NAME)";
				WRAPPER_EXTENSION = app;
			};
			name = Release;
		};
		33B40D2B18F95C3000936260 /* Debug */ = {
			isa = XCBuildConfiguration;
			buildSettings = {
				BUNDLE_LOADER = "$(BUILT_PRODUCTS_DIR)/Element.app/Element";
				FRAMEWORK_SEARCH_PATHS = (
					"$(SDKROOT)/Developer/Library/Frameworks",
					"$(inherited)",
					"$(DEVELOPER_FRAMEWORKS_DIR)",
				);
				GCC_PRECOMPILE_PREFIX_HEADER = YES;
				GCC_PREFIX_HEADER = "Element/Element-Prefix.pch";
				GCC_PREPROCESSOR_DEFINITIONS = (
					"DEBUG=1",
					"$(inherited)",
				);
				INFOPLIST_FILE = "ElementTests/ElementTests-Info.plist";
				PRODUCT_NAME = "$(TARGET_NAME)";
				TEST_HOST = "$(BUNDLE_LOADER)";
				WRAPPER_EXTENSION = xctest;
			};
			name = Debug;
		};
		33B40D2C18F95C3000936260 /* Release */ = {
			isa = XCBuildConfiguration;
			buildSettings = {
				BUNDLE_LOADER = "$(BUILT_PRODUCTS_DIR)/Element.app/Element";
				FRAMEWORK_SEARCH_PATHS = (
					"$(SDKROOT)/Developer/Library/Frameworks",
					"$(inherited)",
					"$(DEVELOPER_FRAMEWORKS_DIR)",
				);
				GCC_PRECOMPILE_PREFIX_HEADER = YES;
				GCC_PREFIX_HEADER = "Element/Element-Prefix.pch";
				INFOPLIST_FILE = "ElementTests/ElementTests-Info.plist";
				PRODUCT_NAME = "$(TARGET_NAME)";
				TEST_HOST = "$(BUNDLE_LOADER)";
				WRAPPER_EXTENSION = xctest;
			};
			name = Release;
		};
/* End XCBuildConfiguration section */

/* Begin XCConfigurationList section */
		33B40CF018F95C3000936260 /* Build configuration list for PBXProject "Element" */ = {
			isa = XCConfigurationList;
			buildConfigurations = (
				33B40D2518F95C3000936260 /* Debug */,
				33B40D2618F95C3000936260 /* Release */,
			);
			defaultConfigurationIsVisible = 0;
			defaultConfigurationName = Release;
		};
		33B40D2718F95C3000936260 /* Build configuration list for PBXNativeTarget "Element" */ = {
			isa = XCConfigurationList;
			buildConfigurations = (
				33B40D2818F95C3000936260 /* Debug */,
				33B40D2918F95C3000936260 /* Release */,
			);
			defaultConfigurationIsVisible = 0;
		};
		33B40D2A18F95C3000936260 /* Build configuration list for PBXNativeTarget "ElementTests" */ = {
			isa = XCConfigurationList;
			buildConfigurations = (
				33B40D2B18F95C3000936260 /* Debug */,
				33B40D2C18F95C3000936260 /* Release */,
			);
			defaultConfigurationIsVisible = 0;
		};
/* End XCConfigurationList section */
	};
	rootObject = 33B40CED18F95C3000936260 /* Project object */;
}
