// !$*UTF8*$!
{
	archiveVersion = 1;
	classes = {
	};
	objectVersion = 46;
	objects = {

/* Begin PBXBuildFile section */
		33D9089819609E2900F25B8F /* Foundation.framework in Frameworks */ = {isa = PBXBuildFile; fileRef = 33D9089719609E2900F25B8F /* Foundation.framework */; };
		33D9089A19609E2900F25B8F /* CoreGraphics.framework in Frameworks */ = {isa = PBXBuildFile; fileRef = 33D9089919609E2900F25B8F /* CoreGraphics.framework */; };
		33D9089C19609E2900F25B8F /* UIKit.framework in Frameworks */ = {isa = PBXBuildFile; fileRef = 33D9089B19609E2900F25B8F /* UIKit.framework */; };
		33D908A219609E2900F25B8F /* InfoPlist.strings in Resources */ = {isa = PBXBuildFile; fileRef = 33D908A019609E2900F25B8F /* InfoPlist.strings */; };
		33D908A419609E2900F25B8F /* main.m in Sources */ = {isa = PBXBuildFile; fileRef = 33D908A319609E2900F25B8F /* main.m */; };
		33D908A819609E2900F25B8F /* RFHAppDelegate.m in Sources */ = {isa = PBXBuildFile; fileRef = 33D908A719609E2900F25B8F /* RFHAppDelegate.m */; };
		33D908AA19609E2900F25B8F /* Images.xcassets in Resources */ = {isa = PBXBuildFile; fileRef = 33D908A919609E2900F25B8F /* Images.xcassets */; };
		33D908B119609E2900F25B8F /* XCTest.framework in Frameworks */ = {isa = PBXBuildFile; fileRef = 33D908B019609E2900F25B8F /* XCTest.framework */; };
		33D908B219609E2900F25B8F /* Foundation.framework in Frameworks */ = {isa = PBXBuildFile; fileRef = 33D9089719609E2900F25B8F /* Foundation.framework */; };
		33D908B319609E2900F25B8F /* UIKit.framework in Frameworks */ = {isa = PBXBuildFile; fileRef = 33D9089B19609E2900F25B8F /* UIKit.framework */; };
		33D908BB19609E2900F25B8F /* InfoPlist.strings in Resources */ = {isa = PBXBuildFile; fileRef = 33D908B919609E2900F25B8F /* InfoPlist.strings */; };
		33D908BD19609E2900F25B8F /* MonumentumTests.m in Sources */ = {isa = PBXBuildFile; fileRef = 33D908BC19609E2900F25B8F /* MonumentumTests.m */; };
		33D908C91960B48700F25B8F /* RFHStartGame.m in Sources */ = {isa = PBXBuildFile; fileRef = 33D908C71960B48700F25B8F /* RFHStartGame.m */; };
		33D908CA1960B48700F25B8F /* RFHStartGame.xib in Resources */ = {isa = PBXBuildFile; fileRef = 33D908C81960B48700F25B8F /* RFHStartGame.xib */; };
		33D908D01960B87800F25B8F /* RFHGameView.m in Sources */ = {isa = PBXBuildFile; fileRef = 33D908CF1960B87800F25B8F /* RFHGameView.m */; };
/* End PBXBuildFile section */

/* Begin PBXContainerItemProxy section */
		33D908B419609E2900F25B8F /* PBXContainerItemProxy */ = {
			isa = PBXContainerItemProxy;
			containerPortal = 33D9088C19609E2900F25B8F /* Project object */;
			proxyType = 1;
			remoteGlobalIDString = 33D9089319609E2900F25B8F;
			remoteInfo = Monumentum;
		};
/* End PBXContainerItemProxy section */

/* Begin PBXFileReference section */
		33D9089419609E2900F25B8F /* Monumentum.app */ = {isa = PBXFileReference; explicitFileType = wrapper.application; includeInIndex = 0; path = Monumentum.app; sourceTree = BUILT_PRODUCTS_DIR; };
		33D9089719609E2900F25B8F /* Foundation.framework */ = {isa = PBXFileReference; lastKnownFileType = wrapper.framework; name = Foundation.framework; path = System/Library/Frameworks/Foundation.framework; sourceTree = SDKROOT; };
		33D9089919609E2900F25B8F /* CoreGraphics.framework */ = {isa = PBXFileReference; lastKnownFileType = wrapper.framework; name = CoreGraphics.framework; path = System/Library/Frameworks/CoreGraphics.framework; sourceTree = SDKROOT; };
		33D9089B19609E2900F25B8F /* UIKit.framework */ = {isa = PBXFileReference; lastKnownFileType = wrapper.framework; name = UIKit.framework; path = System/Library/Frameworks/UIKit.framework; sourceTree = SDKROOT; };
		33D9089F19609E2900F25B8F /* Monumentum-Info.plist */ = {isa = PBXFileReference; lastKnownFileType = text.plist.xml; path = "Monumentum-Info.plist"; sourceTree = "<group>"; };
		33D908A119609E2900F25B8F /* en */ = {isa = PBXFileReference; lastKnownFileType = text.plist.strings; name = en; path = en.lproj/InfoPlist.strings; sourceTree = "<group>"; };
		33D908A319609E2900F25B8F /* main.m */ = {isa = PBXFileReference; lastKnownFileType = sourcecode.c.objc; path = main.m; sourceTree = "<group>"; };
		33D908A519609E2900F25B8F /* Monumentum-Prefix.pch */ = {isa = PBXFileReference; lastKnownFileType = sourcecode.c.h; path = "Monumentum-Prefix.pch"; sourceTree = "<group>"; };
		33D908A619609E2900F25B8F /* RFHAppDelegate.h */ = {isa = PBXFileReference; lastKnownFileType = sourcecode.c.h; path = RFHAppDelegate.h; sourceTree = "<group>"; };
		33D908A719609E2900F25B8F /* RFHAppDelegate.m */ = {isa = PBXFileReference; lastKnownFileType = sourcecode.c.objc; path = RFHAppDelegate.m; sourceTree = "<group>"; };
		33D908A919609E2900F25B8F /* Images.xcassets */ = {isa = PBXFileReference; lastKnownFileType = folder.assetcatalog; path = Images.xcassets; sourceTree = "<group>"; };
		33D908AF19609E2900F25B8F /* MonumentumTests.xctest */ = {isa = PBXFileReference; explicitFileType = wrapper.cfbundle; includeInIndex = 0; path = MonumentumTests.xctest; sourceTree = BUILT_PRODUCTS_DIR; };
		33D908B019609E2900F25B8F /* XCTest.framework */ = {isa = PBXFileReference; lastKnownFileType = wrapper.framework; name = XCTest.framework; path = Library/Frameworks/XCTest.framework; sourceTree = DEVELOPER_DIR; };
		33D908B819609E2900F25B8F /* MonumentumTests-Info.plist */ = {isa = PBXFileReference; lastKnownFileType = text.plist.xml; path = "MonumentumTests-Info.plist"; sourceTree = "<group>"; };
		33D908BA19609E2900F25B8F /* en */ = {isa = PBXFileReference; lastKnownFileType = text.plist.strings; name = en; path = en.lproj/InfoPlist.strings; sourceTree = "<group>"; };
		33D908BC19609E2900F25B8F /* MonumentumTests.m */ = {isa = PBXFileReference; lastKnownFileType = sourcecode.c.objc; path = MonumentumTests.m; sourceTree = "<group>"; };
		33D908C61960B48700F25B8F /* RFHStartGame.h */ = {isa = PBXFileReference; fileEncoding = 4; lastKnownFileType = sourcecode.c.h; path = RFHStartGame.h; sourceTree = "<group>"; };
		33D908C71960B48700F25B8F /* RFHStartGame.m */ = {isa = PBXFileReference; fileEncoding = 4; lastKnownFileType = sourcecode.c.objc; path = RFHStartGame.m; sourceTree = "<group>"; };
		33D908C81960B48700F25B8F /* RFHStartGame.xib */ = {isa = PBXFileReference; fileEncoding = 4; lastKnownFileType = file.xib; path = RFHStartGame.xib; sourceTree = "<group>"; };
		33D908CE1960B87800F25B8F /* RFHGameView.h */ = {isa = PBXFileReference; fileEncoding = 4; lastKnownFileType = sourcecode.c.h; path = RFHGameView.h; sourceTree = "<group>"; };
		33D908CF1960B87800F25B8F /* RFHGameView.m */ = {isa = PBXFileReference; fileEncoding = 4; lastKnownFileType = sourcecode.c.objc; path = RFHGameView.m; sourceTree = "<group>"; };
/* End PBXFileReference section */

/* Begin PBXFrameworksBuildPhase section */
		33D9089119609E2900F25B8F /* Frameworks */ = {
			isa = PBXFrameworksBuildPhase;
			buildActionMask = 2147483647;
			files = (
				33D9089A19609E2900F25B8F /* CoreGraphics.framework in Frameworks */,
				33D9089C19609E2900F25B8F /* UIKit.framework in Frameworks */,
				33D9089819609E2900F25B8F /* Foundation.framework in Frameworks */,
			);
			runOnlyForDeploymentPostprocessing = 0;
		};
		33D908AC19609E2900F25B8F /* Frameworks */ = {
			isa = PBXFrameworksBuildPhase;
			buildActionMask = 2147483647;
			files = (
				33D908B119609E2900F25B8F /* XCTest.framework in Frameworks */,
				33D908B319609E2900F25B8F /* UIKit.framework in Frameworks */,
				33D908B219609E2900F25B8F /* Foundation.framework in Frameworks */,
			);
			runOnlyForDeploymentPostprocessing = 0;
		};
/* End PBXFrameworksBuildPhase section */

/* Begin PBXGroup section */
		33D9088B19609E2900F25B8F = {
			isa = PBXGroup;
			children = (
				33D9089D19609E2900F25B8F /* Monumentum */,
				33D908B619609E2900F25B8F /* MonumentumTests */,
				33D9089619609E2900F25B8F /* Frameworks */,
				33D9089519609E2900F25B8F /* Products */,
			);
			sourceTree = "<group>";
		};
		33D9089519609E2900F25B8F /* Products */ = {
			isa = PBXGroup;
			children = (
				33D9089419609E2900F25B8F /* Monumentum.app */,
				33D908AF19609E2900F25B8F /* MonumentumTests.xctest */,
			);
			name = Products;
			sourceTree = "<group>";
		};
		33D9089619609E2900F25B8F /* Frameworks */ = {
			isa = PBXGroup;
			children = (
				33D9089719609E2900F25B8F /* Foundation.framework */,
				33D9089919609E2900F25B8F /* CoreGraphics.framework */,
				33D9089B19609E2900F25B8F /* UIKit.framework */,
				33D908B019609E2900F25B8F /* XCTest.framework */,
			);
			name = Frameworks;
			sourceTree = "<group>";
		};
		33D9089D19609E2900F25B8F /* Monumentum */ = {
			isa = PBXGroup;
			children = (
				33D908A619609E2900F25B8F /* RFHAppDelegate.h */,
				33D908A719609E2900F25B8F /* RFHAppDelegate.m */,
				33D908CE1960B87800F25B8F /* RFHGameView.h */,
				33D908CF1960B87800F25B8F /* RFHGameView.m */,
				33D908C61960B48700F25B8F /* RFHStartGame.h */,
				33D908C71960B48700F25B8F /* RFHStartGame.m */,
				33D908C81960B48700F25B8F /* RFHStartGame.xib */,
				33D908A919609E2900F25B8F /* Images.xcassets */,
				33D9089E19609E2900F25B8F /* Supporting Files */,
			);
			path = Monumentum;
			sourceTree = "<group>";
		};
		33D9089E19609E2900F25B8F /* Supporting Files */ = {
			isa = PBXGroup;
			children = (
				33D9089F19609E2900F25B8F /* Monumentum-Info.plist */,
				33D908A019609E2900F25B8F /* InfoPlist.strings */,
				33D908A319609E2900F25B8F /* main.m */,
				33D908A519609E2900F25B8F /* Monumentum-Prefix.pch */,
			);
			name = "Supporting Files";
			sourceTree = "<group>";
		};
		33D908B619609E2900F25B8F /* MonumentumTests */ = {
			isa = PBXGroup;
			children = (
				33D908BC19609E2900F25B8F /* MonumentumTests.m */,
				33D908B719609E2900F25B8F /* Supporting Files */,
			);
			path = MonumentumTests;
			sourceTree = "<group>";
		};
		33D908B719609E2900F25B8F /* Supporting Files */ = {
			isa = PBXGroup;
			children = (
				33D908B819609E2900F25B8F /* MonumentumTests-Info.plist */,
				33D908B919609E2900F25B8F /* InfoPlist.strings */,
			);
			name = "Supporting Files";
			sourceTree = "<group>";
		};
/* End PBXGroup section */

/* Begin PBXNativeTarget section */
		33D9089319609E2900F25B8F /* Monumentum */ = {
			isa = PBXNativeTarget;
			buildConfigurationList = 33D908C019609E2900F25B8F /* Build configuration list for PBXNativeTarget "Monumentum" */;
			buildPhases = (
				33D9089019609E2900F25B8F /* Sources */,
				33D9089119609E2900F25B8F /* Frameworks */,
				33D9089219609E2900F25B8F /* Resources */,
			);
			buildRules = (
			);
			dependencies = (
			);
			name = Monumentum;
			productName = Monumentum;
			productReference = 33D9089419609E2900F25B8F /* Monumentum.app */;
			productType = "com.apple.product-type.application";
		};
		33D908AE19609E2900F25B8F /* MonumentumTests */ = {
			isa = PBXNativeTarget;
			buildConfigurationList = 33D908C319609E2900F25B8F /* Build configuration list for PBXNativeTarget "MonumentumTests" */;
			buildPhases = (
				33D908AB19609E2900F25B8F /* Sources */,
				33D908AC19609E2900F25B8F /* Frameworks */,
				33D908AD19609E2900F25B8F /* Resources */,
			);
			buildRules = (
			);
			dependencies = (
				33D908B519609E2900F25B8F /* PBXTargetDependency */,
			);
			name = MonumentumTests;
			productName = MonumentumTests;
			productReference = 33D908AF19609E2900F25B8F /* MonumentumTests.xctest */;
			productType = "com.apple.product-type.bundle.unit-test";
		};
/* End PBXNativeTarget section */

/* Begin PBXProject section */
		33D9088C19609E2900F25B8F /* Project object */ = {
			isa = PBXProject;
			attributes = {
				CLASSPREFIX = RFH;
				LastUpgradeCheck = 0510;
				ORGANIZATIONNAME = Higgnet;
				TargetAttributes = {
					33D908AE19609E2900F25B8F = {
						TestTargetID = 33D9089319609E2900F25B8F;
					};
				};
			};
			buildConfigurationList = 33D9088F19609E2900F25B8F /* Build configuration list for PBXProject "Monumentum" */;
			compatibilityVersion = "Xcode 3.2";
			developmentRegion = English;
			hasScannedForEncodings = 0;
			knownRegions = (
				en,
			);
			mainGroup = 33D9088B19609E2900F25B8F;
			productRefGroup = 33D9089519609E2900F25B8F /* Products */;
			projectDirPath = "";
			projectRoot = "";
			targets = (
				33D9089319609E2900F25B8F /* Monumentum */,
				33D908AE19609E2900F25B8F /* MonumentumTests */,
			);
		};
/* End PBXProject section */

/* Begin PBXResourcesBuildPhase section */
		33D9089219609E2900F25B8F /* Resources */ = {
			isa = PBXResourcesBuildPhase;
			buildActionMask = 2147483647;
			files = (
				33D908A219609E2900F25B8F /* InfoPlist.strings in Resources */,
				33D908CA1960B48700F25B8F /* RFHStartGame.xib in Resources */,
				33D908AA19609E2900F25B8F /* Images.xcassets in Resources */,
			);
			runOnlyForDeploymentPostprocessing = 0;
		};
		33D908AD19609E2900F25B8F /* Resources */ = {
			isa = PBXResourcesBuildPhase;
			buildActionMask = 2147483647;
			files = (
				33D908BB19609E2900F25B8F /* InfoPlist.strings in Resources */,
			);
			runOnlyForDeploymentPostprocessing = 0;
		};
/* End PBXResourcesBuildPhase section */

/* Begin PBXSourcesBuildPhase section */
		33D9089019609E2900F25B8F /* Sources */ = {
			isa = PBXSourcesBuildPhase;
			buildActionMask = 2147483647;
			files = (
				33D908A419609E2900F25B8F /* main.m in Sources */,
				33D908A819609E2900F25B8F /* RFHAppDelegate.m in Sources */,
				33D908D01960B87800F25B8F /* RFHGameView.m in Sources */,
				33D908C91960B48700F25B8F /* RFHStartGame.m in Sources */,
			);
			runOnlyForDeploymentPostprocessing = 0;
		};
		33D908AB19609E2900F25B8F /* Sources */ = {
			isa = PBXSourcesBuildPhase;
			buildActionMask = 2147483647;
			files = (
				33D908BD19609E2900F25B8F /* MonumentumTests.m in Sources */,
			);
			runOnlyForDeploymentPostprocessing = 0;
		};
/* End PBXSourcesBuildPhase section */

/* Begin PBXTargetDependency section */
		33D908B519609E2900F25B8F /* PBXTargetDependency */ = {
			isa = PBXTargetDependency;
			target = 33D9089319609E2900F25B8F /* Monumentum */;
			targetProxy = 33D908B419609E2900F25B8F /* PBXContainerItemProxy */;
		};
/* End PBXTargetDependency section */

/* Begin PBXVariantGroup section */
		33D908A019609E2900F25B8F /* InfoPlist.strings */ = {
			isa = PBXVariantGroup;
			children = (
				33D908A119609E2900F25B8F /* en */,
			);
			name = InfoPlist.strings;
			sourceTree = "<group>";
		};
		33D908B919609E2900F25B8F /* InfoPlist.strings */ = {
			isa = PBXVariantGroup;
			children = (
				33D908BA19609E2900F25B8F /* en */,
			);
			name = InfoPlist.strings;
			sourceTree = "<group>";
		};
/* End PBXVariantGroup section */

/* Begin XCBuildConfiguration section */
		33D908BE19609E2900F25B8F /* Debug */ = {
			isa = XCBuildConfiguration;
			buildSettings = {
				ALWAYS_SEARCH_USER_PATHS = NO;
				CLANG_CXX_LANGUAGE_STANDARD = "gnu++0x";
				CLANG_CXX_LIBRARY = "libc++";
				CLANG_ENABLE_MODULES = YES;
				CLANG_ENABLE_OBJC_ARC = YES;
				CLANG_WARN_BOOL_CONVERSION = YES;
				CLANG_WARN_CONSTANT_CONVERSION = YES;
				CLANG_WARN_DIRECT_OBJC_ISA_USAGE = YES_ERROR;
				CLANG_WARN_EMPTY_BODY = YES;
				CLANG_WARN_ENUM_CONVERSION = YES;
				CLANG_WARN_INT_CONVERSION = YES;
				CLANG_WARN_OBJC_ROOT_CLASS = YES_ERROR;
				CLANG_WARN__DUPLICATE_METHOD_MATCH = YES;
				"CODE_SIGN_IDENTITY[sdk=iphoneos*]" = "iPhone Developer";
				COPY_PHASE_STRIP = NO;
				GCC_C_LANGUAGE_STANDARD = gnu99;
				GCC_DYNAMIC_NO_PIC = NO;
				GCC_OPTIMIZATION_LEVEL = 0;
				GCC_PREPROCESSOR_DEFINITIONS = (
					"DEBUG=1",
					"$(inherited)",
				);
				GCC_SYMBOLS_PRIVATE_EXTERN = NO;
				GCC_WARN_64_TO_32_BIT_CONVERSION = YES;
				GCC_WARN_ABOUT_RETURN_TYPE = YES_ERROR;
				GCC_WARN_UNDECLARED_SELECTOR = YES;
				GCC_WARN_UNINITIALIZED_AUTOS = YES_AGGRESSIVE;
				GCC_WARN_UNUSED_FUNCTION = YES;
				GCC_WARN_UNUSED_VARIABLE = YES;
				IPHONEOS_DEPLOYMENT_TARGET = 7.1;
				ONLY_ACTIVE_ARCH = YES;
				SDKROOT = iphoneos;
			};
			name = Debug;
		};
		33D908BF19609E2900F25B8F /* Release */ = {
			isa = XCBuildConfiguration;
			buildSettings = {
				ALWAYS_SEARCH_USER_PATHS = NO;
				CLANG_CXX_LANGUAGE_STANDARD = "gnu++0x";
				CLANG_CXX_LIBRARY = "libc++";
				CLANG_ENABLE_MODULES = YES;
				CLANG_ENABLE_OBJC_ARC = YES;
				CLANG_WARN_BOOL_CONVERSION = YES;
				CLANG_WARN_CONSTANT_CONVERSION = YES;
				CLANG_WARN_DIRECT_OBJC_ISA_USAGE = YES_ERROR;
				CLANG_WARN_EMPTY_BODY = YES;
				CLANG_WARN_ENUM_CONVERSION = YES;
				CLANG_WARN_INT_CONVERSION = YES;
				CLANG_WARN_OBJC_ROOT_CLASS = YES_ERROR;
				CLANG_WARN__DUPLICATE_METHOD_MATCH = YES;
				"CODE_SIGN_IDENTITY[sdk=iphoneos*]" = "iPhone Developer";
				COPY_PHASE_STRIP = YES;
				ENABLE_NS_ASSERTIONS = NO;
				GCC_C_LANGUAGE_STANDARD = gnu99;
				GCC_WARN_64_TO_32_BIT_CONVERSION = YES;
				GCC_WARN_ABOUT_RETURN_TYPE = YES_ERROR;
				GCC_WARN_UNDECLARED_SELECTOR = YES;
				GCC_WARN_UNINITIALIZED_AUTOS = YES_AGGRESSIVE;
				GCC_WARN_UNUSED_FUNCTION = YES;
				GCC_WARN_UNUSED_VARIABLE = YES;
				IPHONEOS_DEPLOYMENT_TARGET = 7.1;
				SDKROOT = iphoneos;
				VALIDATE_PRODUCT = YES;
			};
			name = Release;
		};
		33D908C119609E2900F25B8F /* Debug */ = {
			isa = XCBuildConfiguration;
			buildSettings = {
				ASSETCATALOG_COMPILER_APPICON_NAME = AppIcon;
				ASSETCATALOG_COMPILER_LAUNCHIMAGE_NAME = LaunchImage;
				GCC_PRECOMPILE_PREFIX_HEADER = YES;
				GCC_PREFIX_HEADER = "Monumentum/Monumentum-Prefix.pch";
				INFOPLIST_FILE = "Monumentum/Monumentum-Info.plist";
				PRODUCT_NAME = "$(TARGET_NAME)";
				WRAPPER_EXTENSION = app;
			};
			name = Debug;
		};
		33D908C219609E2900F25B8F /* Release */ = {
			isa = XCBuildConfiguration;
			buildSettings = {
				ASSETCATALOG_COMPILER_APPICON_NAME = AppIcon;
				ASSETCATALOG_COMPILER_LAUNCHIMAGE_NAME = LaunchImage;
				GCC_PRECOMPILE_PREFIX_HEADER = YES;
				GCC_PREFIX_HEADER = "Monumentum/Monumentum-Prefix.pch";
				INFOPLIST_FILE = "Monumentum/Monumentum-Info.plist";
				PRODUCT_NAME = "$(TARGET_NAME)";
				WRAPPER_EXTENSION = app;
			};
			name = Release;
		};
		33D908C419609E2900F25B8F /* Debug */ = {
			isa = XCBuildConfiguration;
			buildSettings = {
				BUNDLE_LOADER = "$(BUILT_PRODUCTS_DIR)/Monumentum.app/Monumentum";
				FRAMEWORK_SEARCH_PATHS = (
					"$(SDKROOT)/Developer/Library/Frameworks",
					"$(inherited)",
					"$(DEVELOPER_FRAMEWORKS_DIR)",
				);
				GCC_PRECOMPILE_PREFIX_HEADER = YES;
				GCC_PREFIX_HEADER = "Monumentum/Monumentum-Prefix.pch";
				GCC_PREPROCESSOR_DEFINITIONS = (
					"DEBUG=1",
					"$(inherited)",
				);
				INFOPLIST_FILE = "MonumentumTests/MonumentumTests-Info.plist";
				PRODUCT_NAME = "$(TARGET_NAME)";
				TEST_HOST = "$(BUNDLE_LOADER)";
				WRAPPER_EXTENSION = xctest;
			};
			name = Debug;
		};
		33D908C519609E2900F25B8F /* Release */ = {
			isa = XCBuildConfiguration;
			buildSettings = {
				BUNDLE_LOADER = "$(BUILT_PRODUCTS_DIR)/Monumentum.app/Monumentum";
				FRAMEWORK_SEARCH_PATHS = (
					"$(SDKROOT)/Developer/Library/Frameworks",
					"$(inherited)",
					"$(DEVELOPER_FRAMEWORKS_DIR)",
				);
				GCC_PRECOMPILE_PREFIX_HEADER = YES;
				GCC_PREFIX_HEADER = "Monumentum/Monumentum-Prefix.pch";
				INFOPLIST_FILE = "MonumentumTests/MonumentumTests-Info.plist";
				PRODUCT_NAME = "$(TARGET_NAME)";
				TEST_HOST = "$(BUNDLE_LOADER)";
				WRAPPER_EXTENSION = xctest;
			};
			name = Release;
		};
/* End XCBuildConfiguration section */

/* Begin XCConfigurationList section */
		33D9088F19609E2900F25B8F /* Build configuration list for PBXProject "Monumentum" */ = {
			isa = XCConfigurationList;
			buildConfigurations = (
				33D908BE19609E2900F25B8F /* Debug */,
				33D908BF19609E2900F25B8F /* Release */,
			);
			defaultConfigurationIsVisible = 0;
			defaultConfigurationName = Release;
		};
		33D908C019609E2900F25B8F /* Build configuration list for PBXNativeTarget "Monumentum" */ = {
			isa = XCConfigurationList;
			buildConfigurations = (
				33D908C119609E2900F25B8F /* Debug */,
				33D908C219609E2900F25B8F /* Release */,
			);
			defaultConfigurationIsVisible = 0;
			defaultConfigurationName = Release;
		};
		33D908C319609E2900F25B8F /* Build configuration list for PBXNativeTarget "MonumentumTests" */ = {
			isa = XCConfigurationList;
			buildConfigurations = (
				33D908C419609E2900F25B8F /* Debug */,
				33D908C519609E2900F25B8F /* Release */,
			);
			defaultConfigurationIsVisible = 0;
			defaultConfigurationName = Release;
		};
/* End XCConfigurationList section */
	};
	rootObject = 33D9088C19609E2900F25B8F /* Project object */;
}
