// !$*UTF8*$!
{
	archiveVersion = 1;
	classes = {
	};
	objectVersion = 46;
	objects = {

/* Begin PBXBuildFile section */
		3301131C18E8240E00A3C8E6 /* Foundation.framework in Frameworks */ = {isa = PBXBuildFile; fileRef = 3301131B18E8240E00A3C8E6 /* Foundation.framework */; };
		3301131E18E8240E00A3C8E6 /* CoreGraphics.framework in Frameworks */ = {isa = PBXBuildFile; fileRef = 3301131D18E8240E00A3C8E6 /* CoreGraphics.framework */; };
		3301132018E8240E00A3C8E6 /* UIKit.framework in Frameworks */ = {isa = PBXBuildFile; fileRef = 3301131F18E8240E00A3C8E6 /* UIKit.framework */; };
		3301132618E8240E00A3C8E6 /* InfoPlist.strings in Resources */ = {isa = PBXBuildFile; fileRef = 3301132418E8240E00A3C8E6 /* InfoPlist.strings */; };
		3301132818E8240E00A3C8E6 /* main.m in Sources */ = {isa = PBXBuildFile; fileRef = 3301132718E8240E00A3C8E6 /* main.m */; };
		3301132C18E8240E00A3C8E6 /* RFHAppDelegate.m in Sources */ = {isa = PBXBuildFile; fileRef = 3301132B18E8240E00A3C8E6 /* RFHAppDelegate.m */; };
		3301132E18E8240E00A3C8E6 /* Images.xcassets in Resources */ = {isa = PBXBuildFile; fileRef = 3301132D18E8240E00A3C8E6 /* Images.xcassets */; };
		3301133518E8240E00A3C8E6 /* XCTest.framework in Frameworks */ = {isa = PBXBuildFile; fileRef = 3301133418E8240E00A3C8E6 /* XCTest.framework */; };
		3301133618E8240E00A3C8E6 /* Foundation.framework in Frameworks */ = {isa = PBXBuildFile; fileRef = 3301131B18E8240E00A3C8E6 /* Foundation.framework */; };
		3301133718E8240E00A3C8E6 /* UIKit.framework in Frameworks */ = {isa = PBXBuildFile; fileRef = 3301131F18E8240E00A3C8E6 /* UIKit.framework */; };
		3301133F18E8240E00A3C8E6 /* InfoPlist.strings in Resources */ = {isa = PBXBuildFile; fileRef = 3301133D18E8240E00A3C8E6 /* InfoPlist.strings */; };
		3301134118E8240E00A3C8E6 /* QuizTests.m in Sources */ = {isa = PBXBuildFile; fileRef = 3301134018E8240E00A3C8E6 /* QuizTests.m */; };
		3301134D18E8248A00A3C8E6 /* RFHQuizViewController.m in Sources */ = {isa = PBXBuildFile; fileRef = 3301134B18E8248A00A3C8E6 /* RFHQuizViewController.m */; };
		3301134E18E8248A00A3C8E6 /* RFHQuizViewController.xib in Resources */ = {isa = PBXBuildFile; fileRef = 3301134C18E8248A00A3C8E6 /* RFHQuizViewController.xib */; };
/* End PBXBuildFile section */

/* Begin PBXContainerItemProxy section */
		3301133818E8240E00A3C8E6 /* PBXContainerItemProxy */ = {
			isa = PBXContainerItemProxy;
			containerPortal = 3301131018E8240E00A3C8E6 /* Project object */;
			proxyType = 1;
			remoteGlobalIDString = 3301131718E8240E00A3C8E6;
			remoteInfo = Quiz;
		};
/* End PBXContainerItemProxy section */

/* Begin PBXFileReference section */
		3301131818E8240E00A3C8E6 /* Quiz.app */ = {isa = PBXFileReference; explicitFileType = wrapper.application; includeInIndex = 0; path = Quiz.app; sourceTree = BUILT_PRODUCTS_DIR; };
		3301131B18E8240E00A3C8E6 /* Foundation.framework */ = {isa = PBXFileReference; lastKnownFileType = wrapper.framework; name = Foundation.framework; path = System/Library/Frameworks/Foundation.framework; sourceTree = SDKROOT; };
		3301131D18E8240E00A3C8E6 /* CoreGraphics.framework */ = {isa = PBXFileReference; lastKnownFileType = wrapper.framework; name = CoreGraphics.framework; path = System/Library/Frameworks/CoreGraphics.framework; sourceTree = SDKROOT; };
		3301131F18E8240E00A3C8E6 /* UIKit.framework */ = {isa = PBXFileReference; lastKnownFileType = wrapper.framework; name = UIKit.framework; path = System/Library/Frameworks/UIKit.framework; sourceTree = SDKROOT; };
		3301132318E8240E00A3C8E6 /* Quiz-Info.plist */ = {isa = PBXFileReference; lastKnownFileType = text.plist.xml; path = "Quiz-Info.plist"; sourceTree = "<group>"; };
		3301132518E8240E00A3C8E6 /* en */ = {isa = PBXFileReference; lastKnownFileType = text.plist.strings; name = en; path = en.lproj/InfoPlist.strings; sourceTree = "<group>"; };
		3301132718E8240E00A3C8E6 /* main.m */ = {isa = PBXFileReference; lastKnownFileType = sourcecode.c.objc; path = main.m; sourceTree = "<group>"; };
		3301132918E8240E00A3C8E6 /* Quiz-Prefix.pch */ = {isa = PBXFileReference; lastKnownFileType = sourcecode.c.h; path = "Quiz-Prefix.pch"; sourceTree = "<group>"; };
		3301132A18E8240E00A3C8E6 /* RFHAppDelegate.h */ = {isa = PBXFileReference; lastKnownFileType = sourcecode.c.h; path = RFHAppDelegate.h; sourceTree = "<group>"; };
		3301132B18E8240E00A3C8E6 /* RFHAppDelegate.m */ = {isa = PBXFileReference; lastKnownFileType = sourcecode.c.objc; path = RFHAppDelegate.m; sourceTree = "<group>"; };
		3301132D18E8240E00A3C8E6 /* Images.xcassets */ = {isa = PBXFileReference; lastKnownFileType = folder.assetcatalog; path = Images.xcassets; sourceTree = "<group>"; };
		3301133318E8240E00A3C8E6 /* QuizTests.xctest */ = {isa = PBXFileReference; explicitFileType = wrapper.cfbundle; includeInIndex = 0; path = QuizTests.xctest; sourceTree = BUILT_PRODUCTS_DIR; };
		3301133418E8240E00A3C8E6 /* XCTest.framework */ = {isa = PBXFileReference; lastKnownFileType = wrapper.framework; name = XCTest.framework; path = Library/Frameworks/XCTest.framework; sourceTree = DEVELOPER_DIR; };
		3301133C18E8240E00A3C8E6 /* QuizTests-Info.plist */ = {isa = PBXFileReference; lastKnownFileType = text.plist.xml; path = "QuizTests-Info.plist"; sourceTree = "<group>"; };
		3301133E18E8240E00A3C8E6 /* en */ = {isa = PBXFileReference; lastKnownFileType = text.plist.strings; name = en; path = en.lproj/InfoPlist.strings; sourceTree = "<group>"; };
		3301134018E8240E00A3C8E6 /* QuizTests.m */ = {isa = PBXFileReference; lastKnownFileType = sourcecode.c.objc; path = QuizTests.m; sourceTree = "<group>"; };
		3301134A18E8248A00A3C8E6 /* RFHQuizViewController.h */ = {isa = PBXFileReference; fileEncoding = 4; lastKnownFileType = sourcecode.c.h; path = RFHQuizViewController.h; sourceTree = "<group>"; };
		3301134B18E8248A00A3C8E6 /* RFHQuizViewController.m */ = {isa = PBXFileReference; fileEncoding = 4; lastKnownFileType = sourcecode.c.objc; path = RFHQuizViewController.m; sourceTree = "<group>"; };
		3301134C18E8248A00A3C8E6 /* RFHQuizViewController.xib */ = {isa = PBXFileReference; fileEncoding = 4; lastKnownFileType = file.xib; path = RFHQuizViewController.xib; sourceTree = "<group>"; };
/* End PBXFileReference section */

/* Begin PBXFrameworksBuildPhase section */
		3301131518E8240E00A3C8E6 /* Frameworks */ = {
			isa = PBXFrameworksBuildPhase;
			buildActionMask = 2147483647;
			files = (
				3301131E18E8240E00A3C8E6 /* CoreGraphics.framework in Frameworks */,
				3301132018E8240E00A3C8E6 /* UIKit.framework in Frameworks */,
				3301131C18E8240E00A3C8E6 /* Foundation.framework in Frameworks */,
			);
			runOnlyForDeploymentPostprocessing = 0;
		};
		3301133018E8240E00A3C8E6 /* Frameworks */ = {
			isa = PBXFrameworksBuildPhase;
			buildActionMask = 2147483647;
			files = (
				3301133518E8240E00A3C8E6 /* XCTest.framework in Frameworks */,
				3301133718E8240E00A3C8E6 /* UIKit.framework in Frameworks */,
				3301133618E8240E00A3C8E6 /* Foundation.framework in Frameworks */,
			);
			runOnlyForDeploymentPostprocessing = 0;
		};
/* End PBXFrameworksBuildPhase section */

/* Begin PBXGroup section */
		3301130F18E8240E00A3C8E6 = {
			isa = PBXGroup;
			children = (
				3301134A18E8248A00A3C8E6 /* RFHQuizViewController.h */,
				3301134B18E8248A00A3C8E6 /* RFHQuizViewController.m */,
				3301134C18E8248A00A3C8E6 /* RFHQuizViewController.xib */,
				3301132118E8240E00A3C8E6 /* Quiz */,
				3301133A18E8240E00A3C8E6 /* QuizTests */,
				3301131A18E8240E00A3C8E6 /* Frameworks */,
				3301131918E8240E00A3C8E6 /* Products */,
			);
			sourceTree = "<group>";
		};
		3301131918E8240E00A3C8E6 /* Products */ = {
			isa = PBXGroup;
			children = (
				3301131818E8240E00A3C8E6 /* Quiz.app */,
				3301133318E8240E00A3C8E6 /* QuizTests.xctest */,
			);
			name = Products;
			sourceTree = "<group>";
		};
		3301131A18E8240E00A3C8E6 /* Frameworks */ = {
			isa = PBXGroup;
			children = (
				3301131B18E8240E00A3C8E6 /* Foundation.framework */,
				3301131D18E8240E00A3C8E6 /* CoreGraphics.framework */,
				3301131F18E8240E00A3C8E6 /* UIKit.framework */,
				3301133418E8240E00A3C8E6 /* XCTest.framework */,
			);
			name = Frameworks;
			sourceTree = "<group>";
		};
		3301132118E8240E00A3C8E6 /* Quiz */ = {
			isa = PBXGroup;
			children = (
				3301132A18E8240E00A3C8E6 /* RFHAppDelegate.h */,
				3301132B18E8240E00A3C8E6 /* RFHAppDelegate.m */,
				3301132D18E8240E00A3C8E6 /* Images.xcassets */,
				3301132218E8240E00A3C8E6 /* Supporting Files */,
			);
			path = Quiz;
			sourceTree = "<group>";
		};
		3301132218E8240E00A3C8E6 /* Supporting Files */ = {
			isa = PBXGroup;
			children = (
				3301132318E8240E00A3C8E6 /* Quiz-Info.plist */,
				3301132418E8240E00A3C8E6 /* InfoPlist.strings */,
				3301132718E8240E00A3C8E6 /* main.m */,
				3301132918E8240E00A3C8E6 /* Quiz-Prefix.pch */,
			);
			name = "Supporting Files";
			sourceTree = "<group>";
		};
		3301133A18E8240E00A3C8E6 /* QuizTests */ = {
			isa = PBXGroup;
			children = (
				3301134018E8240E00A3C8E6 /* QuizTests.m */,
				3301133B18E8240E00A3C8E6 /* Supporting Files */,
			);
			path = QuizTests;
			sourceTree = "<group>";
		};
		3301133B18E8240E00A3C8E6 /* Supporting Files */ = {
			isa = PBXGroup;
			children = (
				3301133C18E8240E00A3C8E6 /* QuizTests-Info.plist */,
				3301133D18E8240E00A3C8E6 /* InfoPlist.strings */,
			);
			name = "Supporting Files";
			sourceTree = "<group>";
		};
/* End PBXGroup section */

/* Begin PBXNativeTarget section */
		3301131718E8240E00A3C8E6 /* Quiz */ = {
			isa = PBXNativeTarget;
			buildConfigurationList = 3301134418E8240E00A3C8E6 /* Build configuration list for PBXNativeTarget "Quiz" */;
			buildPhases = (
				3301131418E8240E00A3C8E6 /* Sources */,
				3301131518E8240E00A3C8E6 /* Frameworks */,
				3301131618E8240E00A3C8E6 /* Resources */,
			);
			buildRules = (
			);
			dependencies = (
			);
			name = Quiz;
			productName = Quiz;
			productReference = 3301131818E8240E00A3C8E6 /* Quiz.app */;
			productType = "com.apple.product-type.application";
		};
		3301133218E8240E00A3C8E6 /* QuizTests */ = {
			isa = PBXNativeTarget;
			buildConfigurationList = 3301134718E8240E00A3C8E6 /* Build configuration list for PBXNativeTarget "QuizTests" */;
			buildPhases = (
				3301132F18E8240E00A3C8E6 /* Sources */,
				3301133018E8240E00A3C8E6 /* Frameworks */,
				3301133118E8240E00A3C8E6 /* Resources */,
			);
			buildRules = (
			);
			dependencies = (
				3301133918E8240E00A3C8E6 /* PBXTargetDependency */,
			);
			name = QuizTests;
			productName = QuizTests;
			productReference = 3301133318E8240E00A3C8E6 /* QuizTests.xctest */;
			productType = "com.apple.product-type.bundle.unit-test";
		};
/* End PBXNativeTarget section */

/* Begin PBXProject section */
		3301131018E8240E00A3C8E6 /* Project object */ = {
			isa = PBXProject;
			attributes = {
				CLASSPREFIX = RFH;
				LastUpgradeCheck = 0500;
				ORGANIZATIONNAME = Higgnet;
				TargetAttributes = {
					3301133218E8240E00A3C8E6 = {
						TestTargetID = 3301131718E8240E00A3C8E6;
					};
				};
			};
			buildConfigurationList = 3301131318E8240E00A3C8E6 /* Build configuration list for PBXProject "Quiz" */;
			compatibilityVersion = "Xcode 3.2";
			developmentRegion = English;
			hasScannedForEncodings = 0;
			knownRegions = (
				en,
			);
			mainGroup = 3301130F18E8240E00A3C8E6;
			productRefGroup = 3301131918E8240E00A3C8E6 /* Products */;
			projectDirPath = "";
			projectRoot = "";
			targets = (
				3301131718E8240E00A3C8E6 /* Quiz */,
				3301133218E8240E00A3C8E6 /* QuizTests */,
			);
		};
/* End PBXProject section */

/* Begin PBXResourcesBuildPhase section */
		3301131618E8240E00A3C8E6 /* Resources */ = {
			isa = PBXResourcesBuildPhase;
			buildActionMask = 2147483647;
			files = (
				3301132618E8240E00A3C8E6 /* InfoPlist.strings in Resources */,
				3301132E18E8240E00A3C8E6 /* Images.xcassets in Resources */,
				3301134E18E8248A00A3C8E6 /* RFHQuizViewController.xib in Resources */,
			);
			runOnlyForDeploymentPostprocessing = 0;
		};
		3301133118E8240E00A3C8E6 /* Resources */ = {
			isa = PBXResourcesBuildPhase;
			buildActionMask = 2147483647;
			files = (
				3301133F18E8240E00A3C8E6 /* InfoPlist.strings in Resources */,
			);
			runOnlyForDeploymentPostprocessing = 0;
		};
/* End PBXResourcesBuildPhase section */

/* Begin PBXSourcesBuildPhase section */
		3301131418E8240E00A3C8E6 /* Sources */ = {
			isa = PBXSourcesBuildPhase;
			buildActionMask = 2147483647;
			files = (
				3301132818E8240E00A3C8E6 /* main.m in Sources */,
				3301132C18E8240E00A3C8E6 /* RFHAppDelegate.m in Sources */,
				3301134D18E8248A00A3C8E6 /* RFHQuizViewController.m in Sources */,
			);
			runOnlyForDeploymentPostprocessing = 0;
		};
		3301132F18E8240E00A3C8E6 /* Sources */ = {
			isa = PBXSourcesBuildPhase;
			buildActionMask = 2147483647;
			files = (
				3301134118E8240E00A3C8E6 /* QuizTests.m in Sources */,
			);
			runOnlyForDeploymentPostprocessing = 0;
		};
/* End PBXSourcesBuildPhase section */

/* Begin PBXTargetDependency section */
		3301133918E8240E00A3C8E6 /* PBXTargetDependency */ = {
			isa = PBXTargetDependency;
			target = 3301131718E8240E00A3C8E6 /* Quiz */;
			targetProxy = 3301133818E8240E00A3C8E6 /* PBXContainerItemProxy */;
		};
/* End PBXTargetDependency section */

/* Begin PBXVariantGroup section */
		3301132418E8240E00A3C8E6 /* InfoPlist.strings */ = {
			isa = PBXVariantGroup;
			children = (
				3301132518E8240E00A3C8E6 /* en */,
			);
			name = InfoPlist.strings;
			sourceTree = "<group>";
		};
		3301133D18E8240E00A3C8E6 /* InfoPlist.strings */ = {
			isa = PBXVariantGroup;
			children = (
				3301133E18E8240E00A3C8E6 /* en */,
			);
			name = InfoPlist.strings;
			sourceTree = "<group>";
		};
/* End PBXVariantGroup section */

/* Begin XCBuildConfiguration section */
		3301134218E8240E00A3C8E6 /* Debug */ = {
			isa = XCBuildConfiguration;
			buildSettings = {
				ALWAYS_SEARCH_USER_PATHS = NO;
				ARCHS = "$(ARCHS_STANDARD_INCLUDING_64_BIT)";
				CLANG_CXX_LANGUAGE_STANDARD = "gnu++0x";
				CLANG_CXX_LIBRARY = "libc++";
				CLANG_ENABLE_MODULES = YES;
				CLANG_ENABLE_OBJC_ARC = YES;
				CLANG_WARN_BOOL_CONVERSION = YES;
				CLANG_WARN_CONSTANT_CONVERSION = YES;
				CLANG_WARN_DIRECT_OBJC_ISA_USAGE = YES_ERROR;
				CLANG_WARN_EMPTY_BODY = YES;
				CLANG_WARN_ENUM_CONVERSION = YES;
				CLANG_WARN_INT_CONVERSION = YES;
				CLANG_WARN_OBJC_ROOT_CLASS = YES_ERROR;
				CLANG_WARN__DUPLICATE_METHOD_MATCH = YES;
				"CODE_SIGN_IDENTITY[sdk=iphoneos*]" = "iPhone Developer";
				COPY_PHASE_STRIP = NO;
				GCC_C_LANGUAGE_STANDARD = gnu99;
				GCC_DYNAMIC_NO_PIC = NO;
				GCC_OPTIMIZATION_LEVEL = 0;
				GCC_PREPROCESSOR_DEFINITIONS = (
					"DEBUG=1",
					"$(inherited)",
				);
				GCC_SYMBOLS_PRIVATE_EXTERN = NO;
				GCC_WARN_64_TO_32_BIT_CONVERSION = YES;
				GCC_WARN_ABOUT_RETURN_TYPE = YES_ERROR;
				GCC_WARN_UNDECLARED_SELECTOR = YES;
				GCC_WARN_UNINITIALIZED_AUTOS = YES;
				GCC_WARN_UNUSED_FUNCTION = YES;
				GCC_WARN_UNUSED_VARIABLE = YES;
				IPHONEOS_DEPLOYMENT_TARGET = 7.0;
				ONLY_ACTIVE_ARCH = YES;
				SDKROOT = iphoneos;
			};
			name = Debug;
		};
		3301134318E8240E00A3C8E6 /* Release */ = {
			isa = XCBuildConfiguration;
			buildSettings = {
				ALWAYS_SEARCH_USER_PATHS = NO;
				ARCHS = "$(ARCHS_STANDARD_INCLUDING_64_BIT)";
				CLANG_CXX_LANGUAGE_STANDARD = "gnu++0x";
				CLANG_CXX_LIBRARY = "libc++";
				CLANG_ENABLE_MODULES = YES;
				CLANG_ENABLE_OBJC_ARC = YES;
				CLANG_WARN_BOOL_CONVERSION = YES;
				CLANG_WARN_CONSTANT_CONVERSION = YES;
				CLANG_WARN_DIRECT_OBJC_ISA_USAGE = YES_ERROR;
				CLANG_WARN_EMPTY_BODY = YES;
				CLANG_WARN_ENUM_CONVERSION = YES;
				CLANG_WARN_INT_CONVERSION = YES;
				CLANG_WARN_OBJC_ROOT_CLASS = YES_ERROR;
				CLANG_WARN__DUPLICATE_METHOD_MATCH = YES;
				"CODE_SIGN_IDENTITY[sdk=iphoneos*]" = "iPhone Developer";
				COPY_PHASE_STRIP = YES;
				ENABLE_NS_ASSERTIONS = NO;
				GCC_C_LANGUAGE_STANDARD = gnu99;
				GCC_WARN_64_TO_32_BIT_CONVERSION = YES;
				GCC_WARN_ABOUT_RETURN_TYPE = YES_ERROR;
				GCC_WARN_UNDECLARED_SELECTOR = YES;
				GCC_WARN_UNINITIALIZED_AUTOS = YES;
				GCC_WARN_UNUSED_FUNCTION = YES;
				GCC_WARN_UNUSED_VARIABLE = YES;
				IPHONEOS_DEPLOYMENT_TARGET = 7.0;
				SDKROOT = iphoneos;
				VALIDATE_PRODUCT = YES;
			};
			name = Release;
		};
		3301134518E8240E00A3C8E6 /* Debug */ = {
			isa = XCBuildConfiguration;
			buildSettings = {
				ASSETCATALOG_COMPILER_APPICON_NAME = AppIcon;
				ASSETCATALOG_COMPILER_LAUNCHIMAGE_NAME = LaunchImage;
				GCC_PRECOMPILE_PREFIX_HEADER = YES;
				GCC_PREFIX_HEADER = "Quiz/Quiz-Prefix.pch";
				INFOPLIST_FILE = "Quiz/Quiz-Info.plist";
				PRODUCT_NAME = "$(TARGET_NAME)";
				WRAPPER_EXTENSION = app;
			};
			name = Debug;
		};
		3301134618E8240E00A3C8E6 /* Release */ = {
			isa = XCBuildConfiguration;
			buildSettings = {
				ASSETCATALOG_COMPILER_APPICON_NAME = AppIcon;
				ASSETCATALOG_COMPILER_LAUNCHIMAGE_NAME = LaunchImage;
				GCC_PRECOMPILE_PREFIX_HEADER = YES;
				GCC_PREFIX_HEADER = "Quiz/Quiz-Prefix.pch";
				INFOPLIST_FILE = "Quiz/Quiz-Info.plist";
				PRODUCT_NAME = "$(TARGET_NAME)";
				WRAPPER_EXTENSION = app;
			};
			name = Release;
		};
		3301134818E8240E00A3C8E6 /* Debug */ = {
			isa = XCBuildConfiguration;
			buildSettings = {
				ARCHS = "$(ARCHS_STANDARD_INCLUDING_64_BIT)";
				BUNDLE_LOADER = "$(BUILT_PRODUCTS_DIR)/Quiz.app/Quiz";
				FRAMEWORK_SEARCH_PATHS = (
					"$(SDKROOT)/Developer/Library/Frameworks",
					"$(inherited)",
					"$(DEVELOPER_FRAMEWORKS_DIR)",
				);
				GCC_PRECOMPILE_PREFIX_HEADER = YES;
				GCC_PREFIX_HEADER = "Quiz/Quiz-Prefix.pch";
				GCC_PREPROCESSOR_DEFINITIONS = (
					"DEBUG=1",
					"$(inherited)",
				);
				INFOPLIST_FILE = "QuizTests/QuizTests-Info.plist";
				PRODUCT_NAME = "$(TARGET_NAME)";
				TEST_HOST = "$(BUNDLE_LOADER)";
				WRAPPER_EXTENSION = xctest;
			};
			name = Debug;
		};
		3301134918E8240E00A3C8E6 /* Release */ = {
			isa = XCBuildConfiguration;
			buildSettings = {
				ARCHS = "$(ARCHS_STANDARD_INCLUDING_64_BIT)";
				BUNDLE_LOADER = "$(BUILT_PRODUCTS_DIR)/Quiz.app/Quiz";
				FRAMEWORK_SEARCH_PATHS = (
					"$(SDKROOT)/Developer/Library/Frameworks",
					"$(inherited)",
					"$(DEVELOPER_FRAMEWORKS_DIR)",
				);
				GCC_PRECOMPILE_PREFIX_HEADER = YES;
				GCC_PREFIX_HEADER = "Quiz/Quiz-Prefix.pch";
				INFOPLIST_FILE = "QuizTests/QuizTests-Info.plist";
				PRODUCT_NAME = "$(TARGET_NAME)";
				TEST_HOST = "$(BUNDLE_LOADER)";
				WRAPPER_EXTENSION = xctest;
			};
			name = Release;
		};
/* End XCBuildConfiguration section */

/* Begin XCConfigurationList section */
		3301131318E8240E00A3C8E6 /* Build configuration list for PBXProject "Quiz" */ = {
			isa = XCConfigurationList;
			buildConfigurations = (
				3301134218E8240E00A3C8E6 /* Debug */,
				3301134318E8240E00A3C8E6 /* Release */,
			);
			defaultConfigurationIsVisible = 0;
			defaultConfigurationName = Release;
		};
		3301134418E8240E00A3C8E6 /* Build configuration list for PBXNativeTarget "Quiz" */ = {
			isa = XCConfigurationList;
			buildConfigurations = (
				3301134518E8240E00A3C8E6 /* Debug */,
				3301134618E8240E00A3C8E6 /* Release */,
			);
			defaultConfigurationIsVisible = 0;
		};
		3301134718E8240E00A3C8E6 /* Build configuration list for PBXNativeTarget "QuizTests" */ = {
			isa = XCConfigurationList;
			buildConfigurations = (
				3301134818E8240E00A3C8E6 /* Debug */,
				3301134918E8240E00A3C8E6 /* Release */,
			);
			defaultConfigurationIsVisible = 0;
		};
/* End XCConfigurationList section */
	};
	rootObject = 3301131018E8240E00A3C8E6 /* Project object */;
}
